// !$*UTF8*$!
{
	archiveVersion = 1;
	classes = {
	};
	objectVersion = 46;
	objects = {

/* Begin PBXBuildFile section */
		364B8E1FE82888A17F670526 /* Pods_TWTool_Example.framework in Frameworks */ = {isa = PBXBuildFile; fileRef = F99B101608F8D05217DA2163 /* Pods_TWTool_Example.framework */; };
		5B6C1A98BE4AE209641EA490 /* Pods_TWTool_Tests.framework in Frameworks */ = {isa = PBXBuildFile; fileRef = BF45F5DDA1915BABFD902209 /* Pods_TWTool_Tests.framework */; };
		6003F58E195388D20070C39A /* Foundation.framework in Frameworks */ = {isa = PBXBuildFile; fileRef = 6003F58D195388D20070C39A /* Foundation.framework */; };
		6003F590195388D20070C39A /* CoreGraphics.framework in Frameworks */ = {isa = PBXBuildFile; fileRef = 6003F58F195388D20070C39A /* CoreGraphics.framework */; };
		6003F592195388D20070C39A /* UIKit.framework in Frameworks */ = {isa = PBXBuildFile; fileRef = 6003F591195388D20070C39A /* UIKit.framework */; };
		6003F598195388D20070C39A /* InfoPlist.strings in Resources */ = {isa = PBXBuildFile; fileRef = 6003F596195388D20070C39A /* InfoPlist.strings */; };
		6003F59A195388D20070C39A /* main.m in Sources */ = {isa = PBXBuildFile; fileRef = 6003F599195388D20070C39A /* main.m */; };
		6003F59E195388D20070C39A /* TWAppDelegate.m in Sources */ = {isa = PBXBuildFile; fileRef = 6003F59D195388D20070C39A /* TWAppDelegate.m */; };
		6003F5A7195388D20070C39A /* TWViewController.m in Sources */ = {isa = PBXBuildFile; fileRef = 6003F5A6195388D20070C39A /* TWViewController.m */; };
		6003F5A9195388D20070C39A /* Images.xcassets in Resources */ = {isa = PBXBuildFile; fileRef = 6003F5A8195388D20070C39A /* Images.xcassets */; };
		6003F5B0195388D20070C39A /* XCTest.framework in Frameworks */ = {isa = PBXBuildFile; fileRef = 6003F5AF195388D20070C39A /* XCTest.framework */; };
		6003F5B1195388D20070C39A /* Foundation.framework in Frameworks */ = {isa = PBXBuildFile; fileRef = 6003F58D195388D20070C39A /* Foundation.framework */; };
		6003F5B2195388D20070C39A /* UIKit.framework in Frameworks */ = {isa = PBXBuildFile; fileRef = 6003F591195388D20070C39A /* UIKit.framework */; };
		6003F5BA195388D20070C39A /* InfoPlist.strings in Resources */ = {isa = PBXBuildFile; fileRef = 6003F5B8195388D20070C39A /* InfoPlist.strings */; };
		6003F5BC195388D20070C39A /* Tests.m in Sources */ = {isa = PBXBuildFile; fileRef = 6003F5BB195388D20070C39A /* Tests.m */; };
		71719F9F1E33DC2100824A3D /* LaunchScreen.storyboard in Resources */ = {isa = PBXBuildFile; fileRef = 71719F9D1E33DC2100824A3D /* LaunchScreen.storyboard */; };
		873B8AEB1B1F5CCA007FD442 /* Main.storyboard in Resources */ = {isa = PBXBuildFile; fileRef = 873B8AEA1B1F5CCA007FD442 /* Main.storyboard */; };
		D16A8D0125F856940032B0D8 /* NSDate+TWDatePicker.m in Sources */ = {isa = PBXBuildFile; fileRef = D16A8D0025F856940032B0D8 /* NSDate+TWDatePicker.m */; };
		D16A8D0825F8571A0032B0D8 /* TWDatePicker.m in Sources */ = {isa = PBXBuildFile; fileRef = D16A8D0725F8571A0032B0D8 /* TWDatePicker.m */; };
		D16D92CB25F60C5100B55528 /* NSObject+twPerformSelector.m in Sources */ = {isa = PBXBuildFile; fileRef = D16D92C825F60C5100B55528 /* NSObject+twPerformSelector.m */; };
		D16D92CC25F60C5100B55528 /* NSObject+twAssiign.m in Sources */ = {isa = PBXBuildFile; fileRef = D16D92C925F60C5100B55528 /* NSObject+twAssiign.m */; };
		D16D92D325F60CFF00B55528 /* NSString+twSwizzling.m in Sources */ = {isa = PBXBuildFile; fileRef = D16D92D025F60CFE00B55528 /* NSString+twSwizzling.m */; };
		D16D92D425F60CFF00B55528 /* NSString+twTool.m in Sources */ = {isa = PBXBuildFile; fileRef = D16D92D125F60CFE00B55528 /* NSString+twTool.m */; };
		D16D92D925F60E1100B55528 /* NSString+twAtt.m in Sources */ = {isa = PBXBuildFile; fileRef = D16D92D725F60E1100B55528 /* NSString+twAtt.m */; };
		D16D92DE25F6125200B55528 /* NSObject+twSwizzling.m in Sources */ = {isa = PBXBuildFile; fileRef = D16D92DD25F6125200B55528 /* NSObject+twSwizzling.m */; };
		D16D92E525F6224900B55528 /* NSString+twEmail.m in Sources */ = {isa = PBXBuildFile; fileRef = D16D92E425F6224900B55528 /* NSString+twEmail.m */; };
		D16D92EA25F623E300B55528 /* NSString+twIDCard.m in Sources */ = {isa = PBXBuildFile; fileRef = D16D92E925F623E300B55528 /* NSString+twIDCard.m */; };
		D178CCC425FAF96000E2D944 /* UILabel+twSize.m in Sources */ = {isa = PBXBuildFile; fileRef = D178CCC325FAF96000E2D944 /* UILabel+twSize.m */; };
		D178CCCC25FAFB2300E2D944 /* UIImage+twCreate.m in Sources */ = {isa = PBXBuildFile; fileRef = D178CCCB25FAFB2300E2D944 /* UIImage+twCreate.m */; };
		D178CCD325FAFB9900E2D944 /* UIImage+twGradient.m in Sources */ = {isa = PBXBuildFile; fileRef = D178CCD225FAFB9900E2D944 /* UIImage+twGradient.m */; };
		D178CCD825FAFBDA00E2D944 /* UIImage+twRead.m in Sources */ = {isa = PBXBuildFile; fileRef = D178CCD725FAFBDA00E2D944 /* UIImage+twRead.m */; };
		D178CCDD25FB00D200E2D944 /* UIImage+twSave.m in Sources */ = {isa = PBXBuildFile; fileRef = D178CCDC25FB00D200E2D944 /* UIImage+twSave.m */; };
		D178CCE225FB010800E2D944 /* UIImage+twTool.m in Sources */ = {isa = PBXBuildFile; fileRef = D178CCE125FB010800E2D944 /* UIImage+twTool.m */; };
		D178CCE825FB103100E2D944 /* UIDevice+twTool.m in Sources */ = {isa = PBXBuildFile; fileRef = D178CCE725FB103100E2D944 /* UIDevice+twTool.m */; };
		D178CCEF25FB10C300E2D944 /* UIDevice+twPermission.m in Sources */ = {isa = PBXBuildFile; fileRef = D178CCEE25FB10C300E2D944 /* UIDevice+twPermission.m */; };
		D178CCF425FB115700E2D944 /* UIDevice+twSaveImage.m in Sources */ = {isa = PBXBuildFile; fileRef = D178CCF325FB115700E2D944 /* UIDevice+twSaveImage.m */; };
		D178CCF925FB12F700E2D944 /* UIDevice+twScreenSize.m in Sources */ = {isa = PBXBuildFile; fileRef = D178CCF825FB12F700E2D944 /* UIDevice+twScreenSize.m */; };
		D178CD0325FB15E800E2D944 /* UIButton+pLayoutCustom.m in Sources */ = {isa = PBXBuildFile; fileRef = D178CD0225FB15E800E2D944 /* UIButton+pLayoutCustom.m */; };
		D178CD0A25FB163300E2D944 /* UIButton+twUIEdgeInsets.m in Sources */ = {isa = PBXBuildFile; fileRef = D178CD0925FB163300E2D944 /* UIButton+twUIEdgeInsets.m */; };
		D178CD1025FB191D00E2D944 /* UIAlertController+twTool.m in Sources */ = {isa = PBXBuildFile; fileRef = D178CD0F25FB191D00E2D944 /* UIAlertController+twTool.m */; };
		D178CD3725FB2DB600E2D944 /* UIResponder+twRouter.m in Sources */ = {isa = PBXBuildFile; fileRef = D178CD3525FB2DB600E2D944 /* UIResponder+twRouter.m */; };
		D178CD3F25FB2F1A00E2D944 /* ProgressView_tanwang.m in Sources */ = {isa = PBXBuildFile; fileRef = D178CD3D25FB2F1A00E2D944 /* ProgressView_tanwang.m */; };
		D178CD4925FB305F00E2D944 /* IToast_tanwang.m in Sources */ = {isa = PBXBuildFile; fileRef = D178CD4525FB305F00E2D944 /* IToast_tanwang.m */; };
		D178CD4A25FB305F00E2D944 /* IToastTWTool.m in Sources */ = {isa = PBXBuildFile; fileRef = D178CD4625FB305F00E2D944 /* IToastTWTool.m */; };
		D1991DEF25F705D800B45AB5 /* NSString+twMD5.m in Sources */ = {isa = PBXBuildFile; fileRef = D1991DEE25F705D800B45AB5 /* NSString+twMD5.m */; };
		D1991DF425F70F2A00B45AB5 /* NSString+twSize.m in Sources */ = {isa = PBXBuildFile; fileRef = D1991DF325F70F2A00B45AB5 /* NSString+twSize.m */; };
		D1991E0125F712C200B45AB5 /* NSFileManager+twTool.m in Sources */ = {isa = PBXBuildFile; fileRef = D1991E0025F712C200B45AB5 /* NSFileManager+twTool.m */; };
		D1991E0925F71A7300B45AB5 /* NSDictionary+twSwizzling.m in Sources */ = {isa = PBXBuildFile; fileRef = D1991E0825F71A7300B45AB5 /* NSDictionary+twSwizzling.m */; };
		D1991E1025F7224300B45AB5 /* NSDictionary+twTool.m in Sources */ = {isa = PBXBuildFile; fileRef = D1991E0F25F7224300B45AB5 /* NSDictionary+twTool.m */; };
		D1991E1625F7262F00B45AB5 /* NSDecimalNumber+twChain.m in Sources */ = {isa = PBXBuildFile; fileRef = D1991E1525F7262F00B45AB5 /* NSDecimalNumber+twChain.m */; };
		D1991E1B25F73B3200B45AB5 /* NSDecimalNumber+twSwizzling.m in Sources */ = {isa = PBXBuildFile; fileRef = D1991E1A25F73B3200B45AB5 /* NSDecimalNumber+twSwizzling.m */; };
		D1991E2125F73FC100B45AB5 /* NSDate+twTool.m in Sources */ = {isa = PBXBuildFile; fileRef = D1991E2025F73FC100B45AB5 /* NSDate+twTool.m */; };
		D1991E2725F740FE00B45AB5 /* NSData+twDic.m in Sources */ = {isa = PBXBuildFile; fileRef = D1991E2625F740FE00B45AB5 /* NSData+twDic.m */; };
		D1991E2E25F742D600B45AB5 /* TWAssistant.m in Sources */ = {isa = PBXBuildFile; fileRef = D1991E2D25F742D600B45AB5 /* TWAssistant.m */; };
		D1991E3925F7457900B45AB5 /* NSArray+twJsonDic.m in Sources */ = {isa = PBXBuildFile; fileRef = D1991E3825F7457900B45AB5 /* NSArray+twJsonDic.m */; };
		D1991E3E25F7461F00B45AB5 /* NSArray+twSwizzling.m in Sources */ = {isa = PBXBuildFile; fileRef = D1991E3D25F7461F00B45AB5 /* NSArray+twSwizzling.m */; };
		D1991E4325F7470500B45AB5 /* NSMutableArray+twChain.m in Sources */ = {isa = PBXBuildFile; fileRef = D1991E4225F7470500B45AB5 /* NSMutableArray+twChain.m */; };
		D1991E4825F7476000B45AB5 /* NSMutableArray+twSwizzling.m in Sources */ = {isa = PBXBuildFile; fileRef = D1991E4725F7476000B45AB5 /* NSMutableArray+twSwizzling.m */; };
		D1991E4D25F7495300B45AB5 /* NSObject+twSafeKVO.m in Sources */ = {isa = PBXBuildFile; fileRef = D1991E4C25F7495300B45AB5 /* NSObject+twSafeKVO.m */; };
		D1A5780E25F9E0F900A7DB18 /* UIViewController+twAC.m in Sources */ = {isa = PBXBuildFile; fileRef = D1A5780D25F9E0F900A7DB18 /* UIViewController+twAC.m */; };
		D1A5781525F9E4BF00A7DB18 /* UIViewController+twLeeBase.m in Sources */ = {isa = PBXBuildFile; fileRef = D1A5781425F9E4BF00A7DB18 /* UIViewController+twLeeBase.m */; };
		D1A5781A25F9E75300A7DB18 /* UIViewController+twNcBar.m in Sources */ = {isa = PBXBuildFile; fileRef = D1A5781925F9E75300A7DB18 /* UIViewController+twNcBar.m */; };
		D1A5781F25F9EA3800A7DB18 /* UIViewController+twTapEndEdit.m in Sources */ = {isa = PBXBuildFile; fileRef = D1A5781E25F9EA3800A7DB18 /* UIViewController+twTapEndEdit.m */; };
		D1A5782525FA00CC00A7DB18 /* UIView+twExtension.m in Sources */ = {isa = PBXBuildFile; fileRef = D1A5782425FA00CC00A7DB18 /* UIView+twExtension.m */; };
		D1A5782A25FA012600A7DB18 /* UIView+twTool.m in Sources */ = {isa = PBXBuildFile; fileRef = D1A5782925FA012600A7DB18 /* UIView+twTool.m */; };
		D1A5783025FA05D600A7DB18 /* UITextView+twMaxLength.m in Sources */ = {isa = PBXBuildFile; fileRef = D1A5782F25FA05D600A7DB18 /* UITextView+twMaxLength.m */; };
		D1A5783525FA074200A7DB18 /* UITextView+twSize.m in Sources */ = {isa = PBXBuildFile; fileRef = D1A5783425FA074200A7DB18 /* UITextView+twSize.m */; };
		D1A5783A25FA079100A7DB18 /* UITextView_twPasteImage.m in Sources */ = {isa = PBXBuildFile; fileRef = D1A5783925FA079100A7DB18 /* UITextView_twPasteImage.m */; };
		D1A5783F25FA085300A7DB18 /* UITextView_twPlaceHolder.m in Sources */ = {isa = PBXBuildFile; fileRef = D1A5783E25FA085300A7DB18 /* UITextView_twPlaceHolder.m */; };
		D1A5784525FA09F000A7DB18 /* UITextField+twFormat.m in Sources */ = {isa = PBXBuildFile; fileRef = D1A5784425FA09F000A7DB18 /* UITextField+twFormat.m */; };
		D1A5784A25FA0DFE00A7DB18 /* UITextField+twInsets.m in Sources */ = {isa = PBXBuildFile; fileRef = D1A5784925FA0DFE00A7DB18 /* UITextField+twInsets.m */; };
		D1A5784F25FA0E6B00A7DB18 /* UITextField+twMaxLength.m in Sources */ = {isa = PBXBuildFile; fileRef = D1A5784E25FA0E6B00A7DB18 /* UITextField+twMaxLength.m */; };
		D1A5785425FA0EC300A7DB18 /* UITextField+twPlaceholder.m in Sources */ = {isa = PBXBuildFile; fileRef = D1A5785325FA0EC300A7DB18 /* UITextField+twPlaceholder.m */; };
		D1A5785925FA0F1B00A7DB18 /* UITextField+twTextRange.m in Sources */ = {isa = PBXBuildFile; fileRef = D1A5785825FA0F1B00A7DB18 /* UITextField+twTextRange.m */; };
		D1A5785F25FA10E000A7DB18 /* UITableView+twTransitionCoordinator.m in Sources */ = {isa = PBXBuildFile; fileRef = D1A5785E25FA10E000A7DB18 /* UITableView+twTransitionCoordinator.m */; };
		D1A5786425FA115C00A7DB18 /* UITableViewCell+twSetSeparatorType.m in Sources */ = {isa = PBXBuildFile; fileRef = D1A5786325FA115C00A7DB18 /* UITableViewCell+twSetSeparatorType.m */; };
		D1A5786A25FA11F900A7DB18 /* UIScrollView+twTool.m in Sources */ = {isa = PBXBuildFile; fileRef = D1A5786925FA11F900A7DB18 /* UIScrollView+twTool.m */; };
		D1A5787125FA125D00A7DB18 /* UIScrollView_twPanGR.m in Sources */ = {isa = PBXBuildFile; fileRef = D1A5787025FA125D00A7DB18 /* UIScrollView_twPanGR.m */; };
		D1A5787725FA143B00A7DB18 /* UINavigationController+twRemove.m in Sources */ = {isa = PBXBuildFile; fileRef = D1A5787625FA143B00A7DB18 /* UINavigationController+twRemove.m */; };
		D1A5787C25FA148800A7DB18 /* UINavigationController+twSize.m in Sources */ = {isa = PBXBuildFile; fileRef = D1A5787B25FA148800A7DB18 /* UINavigationController+twSize.m */; };
		D1A5788225FA154200A7DB18 /* UILabel+twFormat.m in Sources */ = {isa = PBXBuildFile; fileRef = D1A5788125FA154200A7DB18 /* UILabel+twFormat.m */; };
		D1A5788925FA190600A7DB18 /* UILabel+twInsets.m in Sources */ = {isa = PBXBuildFile; fileRef = D1A5788825FA190600A7DB18 /* UILabel+twInsets.m */; };
		D1A5789325FA19C000A7DB18 /* UILabel_twPhone.m in Sources */ = {isa = PBXBuildFile; fileRef = D1A5789225FA19C000A7DB18 /* UILabel_twPhone.m */; };
		D1C316F525F08DDB00A05FCE /* TWTest1.m in Sources */ = {isa = PBXBuildFile; fileRef = D1C316F425F08DDB00A05FCE /* TWTest1.m */; };
/* End PBXBuildFile section */

/* Begin PBXContainerItemProxy section */
		6003F5B3195388D20070C39A /* PBXContainerItemProxy */ = {
			isa = PBXContainerItemProxy;
			containerPortal = 6003F582195388D10070C39A /* Project object */;
			proxyType = 1;
			remoteGlobalIDString = 6003F589195388D20070C39A;
			remoteInfo = TWTool;
		};
/* End PBXContainerItemProxy section */

/* Begin PBXFileReference section */
		01497F1AE838576DEDDA7168 /* Pods-TWTool_Tests.debug.xcconfig */ = {isa = PBXFileReference; includeInIndex = 1; lastKnownFileType = text.xcconfig; name = "Pods-TWTool_Tests.debug.xcconfig"; path = "Target Support Files/Pods-TWTool_Tests/Pods-TWTool_Tests.debug.xcconfig"; sourceTree = "<group>"; };
		310F654595CEF9E04FAACE12 /* LICENSE */ = {isa = PBXFileReference; includeInIndex = 1; lastKnownFileType = text; name = LICENSE; path = ../LICENSE; sourceTree = "<group>"; };
		4CAB8C70C9A641B4CA95A7CB /* Pods-TWTool_Tests.release.xcconfig */ = {isa = PBXFileReference; includeInIndex = 1; lastKnownFileType = text.xcconfig; name = "Pods-TWTool_Tests.release.xcconfig"; path = "Target Support Files/Pods-TWTool_Tests/Pods-TWTool_Tests.release.xcconfig"; sourceTree = "<group>"; };
		6003F58A195388D20070C39A /* TWTool_Example.app */ = {isa = PBXFileReference; explicitFileType = wrapper.application; includeInIndex = 0; path = TWTool_Example.app; sourceTree = BUILT_PRODUCTS_DIR; };
		6003F58D195388D20070C39A /* Foundation.framework */ = {isa = PBXFileReference; lastKnownFileType = wrapper.framework; name = Foundation.framework; path = System/Library/Frameworks/Foundation.framework; sourceTree = SDKROOT; };
		6003F58F195388D20070C39A /* CoreGraphics.framework */ = {isa = PBXFileReference; lastKnownFileType = wrapper.framework; name = CoreGraphics.framework; path = System/Library/Frameworks/CoreGraphics.framework; sourceTree = SDKROOT; };
		6003F591195388D20070C39A /* UIKit.framework */ = {isa = PBXFileReference; lastKnownFileType = wrapper.framework; name = UIKit.framework; path = System/Library/Frameworks/UIKit.framework; sourceTree = SDKROOT; };
		6003F595195388D20070C39A /* TWTool-Info.plist */ = {isa = PBXFileReference; lastKnownFileType = text.plist.xml; path = "TWTool-Info.plist"; sourceTree = "<group>"; };
		6003F597195388D20070C39A /* en */ = {isa = PBXFileReference; lastKnownFileType = text.plist.strings; name = en; path = en.lproj/InfoPlist.strings; sourceTree = "<group>"; };
		6003F599195388D20070C39A /* main.m */ = {isa = PBXFileReference; lastKnownFileType = sourcecode.c.objc; path = main.m; sourceTree = "<group>"; };
		6003F59B195388D20070C39A /* TWTool-Prefix.pch */ = {isa = PBXFileReference; lastKnownFileType = sourcecode.c.h; path = "TWTool-Prefix.pch"; sourceTree = "<group>"; };
		6003F59C195388D20070C39A /* TWAppDelegate.h */ = {isa = PBXFileReference; lastKnownFileType = sourcecode.c.h; path = TWAppDelegate.h; sourceTree = "<group>"; };
		6003F59D195388D20070C39A /* TWAppDelegate.m */ = {isa = PBXFileReference; lastKnownFileType = sourcecode.c.objc; path = TWAppDelegate.m; sourceTree = "<group>"; };
		6003F5A5195388D20070C39A /* TWViewController.h */ = {isa = PBXFileReference; lastKnownFileType = sourcecode.c.h; path = TWViewController.h; sourceTree = "<group>"; };
		6003F5A6195388D20070C39A /* TWViewController.m */ = {isa = PBXFileReference; lastKnownFileType = sourcecode.c.objc; path = TWViewController.m; sourceTree = "<group>"; };
		6003F5A8195388D20070C39A /* Images.xcassets */ = {isa = PBXFileReference; lastKnownFileType = folder.assetcatalog; path = Images.xcassets; sourceTree = "<group>"; };
		6003F5AE195388D20070C39A /* TWTool_Tests.xctest */ = {isa = PBXFileReference; explicitFileType = wrapper.cfbundle; includeInIndex = 0; path = TWTool_Tests.xctest; sourceTree = BUILT_PRODUCTS_DIR; };
		6003F5AF195388D20070C39A /* XCTest.framework */ = {isa = PBXFileReference; lastKnownFileType = wrapper.framework; name = XCTest.framework; path = Library/Frameworks/XCTest.framework; sourceTree = DEVELOPER_DIR; };
		6003F5B7195388D20070C39A /* Tests-Info.plist */ = {isa = PBXFileReference; lastKnownFileType = text.plist.xml; path = "Tests-Info.plist"; sourceTree = "<group>"; };
		6003F5B9195388D20070C39A /* en */ = {isa = PBXFileReference; lastKnownFileType = text.plist.strings; name = en; path = en.lproj/InfoPlist.strings; sourceTree = "<group>"; };
		6003F5BB195388D20070C39A /* Tests.m */ = {isa = PBXFileReference; lastKnownFileType = sourcecode.c.objc; path = Tests.m; sourceTree = "<group>"; };
		606FC2411953D9B200FFA9A0 /* Tests-Prefix.pch */ = {isa = PBXFileReference; lastKnownFileType = sourcecode.c.h; path = "Tests-Prefix.pch"; sourceTree = "<group>"; };
		68FFB1379AA99D7488D0048B /* README.md */ = {isa = PBXFileReference; includeInIndex = 1; lastKnownFileType = net.daringfireball.markdown; name = README.md; path = ../README.md; sourceTree = "<group>"; };
		6C9084BD047AC813D8765D35 /* Pods-TWTool_Example.release.xcconfig */ = {isa = PBXFileReference; includeInIndex = 1; lastKnownFileType = text.xcconfig; name = "Pods-TWTool_Example.release.xcconfig"; path = "Target Support Files/Pods-TWTool_Example/Pods-TWTool_Example.release.xcconfig"; sourceTree = "<group>"; };
		71719F9E1E33DC2100824A3D /* Base */ = {isa = PBXFileReference; lastKnownFileType = file.storyboard; name = Base; path = Base.lproj/LaunchScreen.storyboard; sourceTree = "<group>"; };
		873B8AEA1B1F5CCA007FD442 /* Main.storyboard */ = {isa = PBXFileReference; fileEncoding = 4; lastKnownFileType = file.storyboard; name = Main.storyboard; path = Base.lproj/Main.storyboard; sourceTree = "<group>"; };
		A86EFA240863D9AB03AB9731 /* Pods-TWTool_Example.debug.xcconfig */ = {isa = PBXFileReference; includeInIndex = 1; lastKnownFileType = text.xcconfig; name = "Pods-TWTool_Example.debug.xcconfig"; path = "Target Support Files/Pods-TWTool_Example/Pods-TWTool_Example.debug.xcconfig"; sourceTree = "<group>"; };
		B34CE9B8F63B219693C0315B /* TWTool.podspec */ = {isa = PBXFileReference; includeInIndex = 1; lastKnownFileType = text; name = TWTool.podspec; path = ../TWTool.podspec; sourceTree = "<group>"; xcLanguageSpecificationIdentifier = xcode.lang.ruby; };
		BF45F5DDA1915BABFD902209 /* Pods_TWTool_Tests.framework */ = {isa = PBXFileReference; explicitFileType = wrapper.framework; includeInIndex = 0; path = Pods_TWTool_Tests.framework; sourceTree = BUILT_PRODUCTS_DIR; };
		D16A8CFF25F856940032B0D8 /* NSDate+TWDatePicker.h */ = {isa = PBXFileReference; lastKnownFileType = sourcecode.c.h; path = "NSDate+TWDatePicker.h"; sourceTree = "<group>"; };
		D16A8D0025F856940032B0D8 /* NSDate+TWDatePicker.m */ = {isa = PBXFileReference; lastKnownFileType = sourcecode.c.objc; path = "NSDate+TWDatePicker.m"; sourceTree = "<group>"; };
		D16A8D0625F8571A0032B0D8 /* TWDatePicker.h */ = {isa = PBXFileReference; lastKnownFileType = sourcecode.c.h; path = TWDatePicker.h; sourceTree = "<group>"; };
		D16A8D0725F8571A0032B0D8 /* TWDatePicker.m */ = {isa = PBXFileReference; lastKnownFileType = sourcecode.c.objc; path = TWDatePicker.m; sourceTree = "<group>"; };
		D16A8D1825F8AE770032B0D8 /* TWUI.h */ = {isa = PBXFileReference; lastKnownFileType = sourcecode.c.h; path = TWUI.h; sourceTree = "<group>"; };
		D16D927925F5C20600B55528 /* TWFoundation.h */ = {isa = PBXFileReference; lastKnownFileType = sourcecode.c.h; path = TWFoundation.h; sourceTree = "<group>"; };
		D16D927B25F5C53300B55528 /* TWTest1.h */ = {isa = PBXFileReference; fileEncoding = 4; lastKnownFileType = sourcecode.c.h; path = TWTest1.h; sourceTree = "<group>"; };
		D16D928525F5CC8200B55528 /* Block+twPrefix.h */ = {isa = PBXFileReference; lastKnownFileType = sourcecode.c.h; path = "Block+twPrefix.h"; sourceTree = "<group>"; };
		D16D929025F5E9E300B55528 /* Color+twPrefix.h */ = {isa = PBXFileReference; lastKnownFileType = sourcecode.c.h; path = "Color+twPrefix.h"; sourceTree = "<group>"; };
		D16D929325F5EB4000B55528 /* Font+twPrefix.h */ = {isa = PBXFileReference; lastKnownFileType = sourcecode.c.h; path = "Font+twPrefix.h"; sourceTree = "<group>"; };
		D16D929425F5ECFE00B55528 /* Size+twPrefix.h */ = {isa = PBXFileReference; lastKnownFileType = sourcecode.c.h; path = "Size+twPrefix.h"; sourceTree = "<group>"; };
		D16D929525F5EDC700B55528 /* Fun+twPrefix.h */ = {isa = PBXFileReference; lastKnownFileType = sourcecode.c.h; path = "Fun+twPrefix.h"; sourceTree = "<group>"; };
		D16D92C725F60C5100B55528 /* NSObject+twAssiign.h */ = {isa = PBXFileReference; fileEncoding = 4; lastKnownFileType = sourcecode.c.h; path = "NSObject+twAssiign.h"; sourceTree = "<group>"; };
		D16D92C825F60C5100B55528 /* NSObject+twPerformSelector.m */ = {isa = PBXFileReference; fileEncoding = 4; lastKnownFileType = sourcecode.c.objc; path = "NSObject+twPerformSelector.m"; sourceTree = "<group>"; };
		D16D92C925F60C5100B55528 /* NSObject+twAssiign.m */ = {isa = PBXFileReference; fileEncoding = 4; lastKnownFileType = sourcecode.c.objc; path = "NSObject+twAssiign.m"; sourceTree = "<group>"; };
		D16D92CA25F60C5100B55528 /* NSObject+twPerformSelector.h */ = {isa = PBXFileReference; fileEncoding = 4; lastKnownFileType = sourcecode.c.h; path = "NSObject+twPerformSelector.h"; sourceTree = "<group>"; };
		D16D92CF25F60CFE00B55528 /* NSString+twSwizzling.h */ = {isa = PBXFileReference; fileEncoding = 4; lastKnownFileType = sourcecode.c.h; path = "NSString+twSwizzling.h"; sourceTree = "<group>"; };
		D16D92D025F60CFE00B55528 /* NSString+twSwizzling.m */ = {isa = PBXFileReference; fileEncoding = 4; lastKnownFileType = sourcecode.c.objc; path = "NSString+twSwizzling.m"; sourceTree = "<group>"; };
		D16D92D125F60CFE00B55528 /* NSString+twTool.m */ = {isa = PBXFileReference; fileEncoding = 4; lastKnownFileType = sourcecode.c.objc; path = "NSString+twTool.m"; sourceTree = "<group>"; };
		D16D92D225F60CFE00B55528 /* NSString+twTool.h */ = {isa = PBXFileReference; fileEncoding = 4; lastKnownFileType = sourcecode.c.h; path = "NSString+twTool.h"; sourceTree = "<group>"; };
		D16D92D725F60E1100B55528 /* NSString+twAtt.m */ = {isa = PBXFileReference; fileEncoding = 4; lastKnownFileType = sourcecode.c.objc; path = "NSString+twAtt.m"; sourceTree = "<group>"; };
		D16D92D825F60E1100B55528 /* NSString+twAtt.h */ = {isa = PBXFileReference; fileEncoding = 4; lastKnownFileType = sourcecode.c.h; path = "NSString+twAtt.h"; sourceTree = "<group>"; };
		D16D92DC25F6125200B55528 /* NSObject+twSwizzling.h */ = {isa = PBXFileReference; lastKnownFileType = sourcecode.c.h; path = "NSObject+twSwizzling.h"; sourceTree = "<group>"; };
		D16D92DD25F6125200B55528 /* NSObject+twSwizzling.m */ = {isa = PBXFileReference; lastKnownFileType = sourcecode.c.objc; path = "NSObject+twSwizzling.m"; sourceTree = "<group>"; };
		D16D92E325F6224900B55528 /* NSString+twEmail.h */ = {isa = PBXFileReference; lastKnownFileType = sourcecode.c.h; path = "NSString+twEmail.h"; sourceTree = "<group>"; };
		D16D92E425F6224900B55528 /* NSString+twEmail.m */ = {isa = PBXFileReference; lastKnownFileType = sourcecode.c.objc; path = "NSString+twEmail.m"; sourceTree = "<group>"; };
		D16D92E825F623E300B55528 /* NSString+twIDCard.h */ = {isa = PBXFileReference; lastKnownFileType = sourcecode.c.h; path = "NSString+twIDCard.h"; sourceTree = "<group>"; };
		D16D92E925F623E300B55528 /* NSString+twIDCard.m */ = {isa = PBXFileReference; lastKnownFileType = sourcecode.c.objc; path = "NSString+twIDCard.m"; sourceTree = "<group>"; };
		D178CCC225FAF96000E2D944 /* UILabel+twSize.h */ = {isa = PBXFileReference; fileEncoding = 4; lastKnownFileType = sourcecode.c.h; path = "UILabel+twSize.h"; sourceTree = "<group>"; };
		D178CCC325FAF96000E2D944 /* UILabel+twSize.m */ = {isa = PBXFileReference; fileEncoding = 4; lastKnownFileType = sourcecode.c.objc; path = "UILabel+twSize.m"; sourceTree = "<group>"; };
		D178CCCA25FAFB2300E2D944 /* UIImage+twCreate.h */ = {isa = PBXFileReference; lastKnownFileType = sourcecode.c.h; path = "UIImage+twCreate.h"; sourceTree = "<group>"; };
		D178CCCB25FAFB2300E2D944 /* UIImage+twCreate.m */ = {isa = PBXFileReference; lastKnownFileType = sourcecode.c.objc; path = "UIImage+twCreate.m"; sourceTree = "<group>"; };
		D178CCD125FAFB9900E2D944 /* UIImage+twGradient.h */ = {isa = PBXFileReference; lastKnownFileType = sourcecode.c.h; path = "UIImage+twGradient.h"; sourceTree = "<group>"; };
		D178CCD225FAFB9900E2D944 /* UIImage+twGradient.m */ = {isa = PBXFileReference; lastKnownFileType = sourcecode.c.objc; path = "UIImage+twGradient.m"; sourceTree = "<group>"; };
		D178CCD625FAFBDA00E2D944 /* UIImage+twRead.h */ = {isa = PBXFileReference; lastKnownFileType = sourcecode.c.h; path = "UIImage+twRead.h"; sourceTree = "<group>"; };
		D178CCD725FAFBDA00E2D944 /* UIImage+twRead.m */ = {isa = PBXFileReference; lastKnownFileType = sourcecode.c.objc; path = "UIImage+twRead.m"; sourceTree = "<group>"; };
		D178CCDB25FB00D200E2D944 /* UIImage+twSave.h */ = {isa = PBXFileReference; lastKnownFileType = sourcecode.c.h; path = "UIImage+twSave.h"; sourceTree = "<group>"; };
		D178CCDC25FB00D200E2D944 /* UIImage+twSave.m */ = {isa = PBXFileReference; lastKnownFileType = sourcecode.c.objc; path = "UIImage+twSave.m"; sourceTree = "<group>"; };
		D178CCE025FB010800E2D944 /* UIImage+twTool.h */ = {isa = PBXFileReference; lastKnownFileType = sourcecode.c.h; path = "UIImage+twTool.h"; sourceTree = "<group>"; };
		D178CCE125FB010800E2D944 /* UIImage+twTool.m */ = {isa = PBXFileReference; lastKnownFileType = sourcecode.c.objc; path = "UIImage+twTool.m"; sourceTree = "<group>"; };
		D178CCE625FB103100E2D944 /* UIDevice+twTool.h */ = {isa = PBXFileReference; lastKnownFileType = sourcecode.c.h; path = "UIDevice+twTool.h"; sourceTree = "<group>"; };
		D178CCE725FB103100E2D944 /* UIDevice+twTool.m */ = {isa = PBXFileReference; lastKnownFileType = sourcecode.c.objc; path = "UIDevice+twTool.m"; sourceTree = "<group>"; };
		D178CCED25FB10C300E2D944 /* UIDevice+twPermission.h */ = {isa = PBXFileReference; lastKnownFileType = sourcecode.c.h; path = "UIDevice+twPermission.h"; sourceTree = "<group>"; };
		D178CCEE25FB10C300E2D944 /* UIDevice+twPermission.m */ = {isa = PBXFileReference; lastKnownFileType = sourcecode.c.objc; path = "UIDevice+twPermission.m"; sourceTree = "<group>"; };
		D178CCF225FB115700E2D944 /* UIDevice+twSaveImage.h */ = {isa = PBXFileReference; lastKnownFileType = sourcecode.c.h; path = "UIDevice+twSaveImage.h"; sourceTree = "<group>"; };
		D178CCF325FB115700E2D944 /* UIDevice+twSaveImage.m */ = {isa = PBXFileReference; lastKnownFileType = sourcecode.c.objc; path = "UIDevice+twSaveImage.m"; sourceTree = "<group>"; };
		D178CCF725FB12F700E2D944 /* UIDevice+twScreenSize.h */ = {isa = PBXFileReference; lastKnownFileType = sourcecode.c.h; path = "UIDevice+twScreenSize.h"; sourceTree = "<group>"; };
		D178CCF825FB12F700E2D944 /* UIDevice+twScreenSize.m */ = {isa = PBXFileReference; lastKnownFileType = sourcecode.c.objc; path = "UIDevice+twScreenSize.m"; sourceTree = "<group>"; };
		D178CD0125FB15E800E2D944 /* UIButton+pLayoutCustom.h */ = {isa = PBXFileReference; lastKnownFileType = sourcecode.c.h; path = "UIButton+pLayoutCustom.h"; sourceTree = "<group>"; };
		D178CD0225FB15E800E2D944 /* UIButton+pLayoutCustom.m */ = {isa = PBXFileReference; lastKnownFileType = sourcecode.c.objc; path = "UIButton+pLayoutCustom.m"; sourceTree = "<group>"; };
		D178CD0825FB163300E2D944 /* UIButton+twUIEdgeInsets.h */ = {isa = PBXFileReference; lastKnownFileType = sourcecode.c.h; path = "UIButton+twUIEdgeInsets.h"; sourceTree = "<group>"; };
		D178CD0925FB163300E2D944 /* UIButton+twUIEdgeInsets.m */ = {isa = PBXFileReference; lastKnownFileType = sourcecode.c.objc; path = "UIButton+twUIEdgeInsets.m"; sourceTree = "<group>"; };
		D178CD0E25FB191D00E2D944 /* UIAlertController+twTool.h */ = {isa = PBXFileReference; lastKnownFileType = sourcecode.c.h; path = "UIAlertController+twTool.h"; sourceTree = "<group>"; };
		D178CD0F25FB191D00E2D944 /* UIAlertController+twTool.m */ = {isa = PBXFileReference; lastKnownFileType = sourcecode.c.objc; path = "UIAlertController+twTool.m"; sourceTree = "<group>"; };
		D178CD3525FB2DB600E2D944 /* UIResponder+twRouter.m */ = {isa = PBXFileReference; fileEncoding = 4; lastKnownFileType = sourcecode.c.objc; path = "UIResponder+twRouter.m"; sourceTree = "<group>"; };
		D178CD3625FB2DB600E2D944 /* UIResponder+twRouter.h */ = {isa = PBXFileReference; fileEncoding = 4; lastKnownFileType = sourcecode.c.h; path = "UIResponder+twRouter.h"; sourceTree = "<group>"; };
		D178CD3D25FB2F1A00E2D944 /* ProgressView_tanwang.m */ = {isa = PBXFileReference; fileEncoding = 4; lastKnownFileType = sourcecode.c.objc; path = ProgressView_tanwang.m; sourceTree = "<group>"; };
		D178CD3E25FB2F1A00E2D944 /* ProgressView_tanwang.h */ = {isa = PBXFileReference; fileEncoding = 4; lastKnownFileType = sourcecode.c.h; path = ProgressView_tanwang.h; sourceTree = "<group>"; };
		D178CD4525FB305F00E2D944 /* IToast_tanwang.m */ = {isa = PBXFileReference; fileEncoding = 4; lastKnownFileType = sourcecode.c.objc; path = IToast_tanwang.m; sourceTree = "<group>"; };
		D178CD4625FB305F00E2D944 /* IToastTWTool.m */ = {isa = PBXFileReference; fileEncoding = 4; lastKnownFileType = sourcecode.c.objc; path = IToastTWTool.m; sourceTree = "<group>"; };
		D178CD4725FB305F00E2D944 /* IToast_tanwang.h */ = {isa = PBXFileReference; fileEncoding = 4; lastKnownFileType = sourcecode.c.h; path = IToast_tanwang.h; sourceTree = "<group>"; };
		D178CD4825FB305F00E2D944 /* IToastTWTool.h */ = {isa = PBXFileReference; fileEncoding = 4; lastKnownFileType = sourcecode.c.h; path = IToastTWTool.h; sourceTree = "<group>"; };
		D1991DED25F705D800B45AB5 /* NSString+twMD5.h */ = {isa = PBXFileReference; lastKnownFileType = sourcecode.c.h; path = "NSString+twMD5.h"; sourceTree = "<group>"; };
		D1991DEE25F705D800B45AB5 /* NSString+twMD5.m */ = {isa = PBXFileReference; lastKnownFileType = sourcecode.c.objc; path = "NSString+twMD5.m"; sourceTree = "<group>"; };
		D1991DF225F70F2A00B45AB5 /* NSString+twSize.h */ = {isa = PBXFileReference; lastKnownFileType = sourcecode.c.h; path = "NSString+twSize.h"; sourceTree = "<group>"; };
		D1991DF325F70F2A00B45AB5 /* NSString+twSize.m */ = {isa = PBXFileReference; lastKnownFileType = sourcecode.c.objc; path = "NSString+twSize.m"; sourceTree = "<group>"; };
		D1991DFF25F712C200B45AB5 /* NSFileManager+twTool.h */ = {isa = PBXFileReference; lastKnownFileType = sourcecode.c.h; path = "NSFileManager+twTool.h"; sourceTree = "<group>"; };
		D1991E0025F712C200B45AB5 /* NSFileManager+twTool.m */ = {isa = PBXFileReference; lastKnownFileType = sourcecode.c.objc; path = "NSFileManager+twTool.m"; sourceTree = "<group>"; };
		D1991E0725F71A7300B45AB5 /* NSDictionary+twSwizzling.h */ = {isa = PBXFileReference; lastKnownFileType = sourcecode.c.h; path = "NSDictionary+twSwizzling.h"; sourceTree = "<group>"; };
		D1991E0825F71A7300B45AB5 /* NSDictionary+twSwizzling.m */ = {isa = PBXFileReference; lastKnownFileType = sourcecode.c.objc; path = "NSDictionary+twSwizzling.m"; sourceTree = "<group>"; };
		D1991E0E25F7224300B45AB5 /* NSDictionary+twTool.h */ = {isa = PBXFileReference; lastKnownFileType = sourcecode.c.h; path = "NSDictionary+twTool.h"; sourceTree = "<group>"; };
		D1991E0F25F7224300B45AB5 /* NSDictionary+twTool.m */ = {isa = PBXFileReference; lastKnownFileType = sourcecode.c.objc; path = "NSDictionary+twTool.m"; sourceTree = "<group>"; };
		D1991E1425F7262F00B45AB5 /* NSDecimalNumber+twChain.h */ = {isa = PBXFileReference; lastKnownFileType = sourcecode.c.h; path = "NSDecimalNumber+twChain.h"; sourceTree = "<group>"; };
		D1991E1525F7262F00B45AB5 /* NSDecimalNumber+twChain.m */ = {isa = PBXFileReference; lastKnownFileType = sourcecode.c.objc; path = "NSDecimalNumber+twChain.m"; sourceTree = "<group>"; };
		D1991E1925F73B3200B45AB5 /* NSDecimalNumber+twSwizzling.h */ = {isa = PBXFileReference; lastKnownFileType = sourcecode.c.h; path = "NSDecimalNumber+twSwizzling.h"; sourceTree = "<group>"; };
		D1991E1A25F73B3200B45AB5 /* NSDecimalNumber+twSwizzling.m */ = {isa = PBXFileReference; lastKnownFileType = sourcecode.c.objc; path = "NSDecimalNumber+twSwizzling.m"; sourceTree = "<group>"; };
		D1991E1F25F73FC100B45AB5 /* NSDate+twTool.h */ = {isa = PBXFileReference; lastKnownFileType = sourcecode.c.h; path = "NSDate+twTool.h"; sourceTree = "<group>"; };
		D1991E2025F73FC100B45AB5 /* NSDate+twTool.m */ = {isa = PBXFileReference; lastKnownFileType = sourcecode.c.objc; path = "NSDate+twTool.m"; sourceTree = "<group>"; };
		D1991E2525F740FE00B45AB5 /* NSData+twDic.h */ = {isa = PBXFileReference; lastKnownFileType = sourcecode.c.h; path = "NSData+twDic.h"; sourceTree = "<group>"; };
		D1991E2625F740FE00B45AB5 /* NSData+twDic.m */ = {isa = PBXFileReference; lastKnownFileType = sourcecode.c.objc; path = "NSData+twDic.m"; sourceTree = "<group>"; };
		D1991E2C25F742D600B45AB5 /* TWAssistant.h */ = {isa = PBXFileReference; lastKnownFileType = sourcecode.c.h; path = TWAssistant.h; sourceTree = "<group>"; };
		D1991E2D25F742D600B45AB5 /* TWAssistant.m */ = {isa = PBXFileReference; lastKnownFileType = sourcecode.c.objc; path = TWAssistant.m; sourceTree = "<group>"; };
		D1991E3725F7457900B45AB5 /* NSArray+twJsonDic.h */ = {isa = PBXFileReference; lastKnownFileType = sourcecode.c.h; path = "NSArray+twJsonDic.h"; sourceTree = "<group>"; };
		D1991E3825F7457900B45AB5 /* NSArray+twJsonDic.m */ = {isa = PBXFileReference; lastKnownFileType = sourcecode.c.objc; path = "NSArray+twJsonDic.m"; sourceTree = "<group>"; };
		D1991E3C25F7461F00B45AB5 /* NSArray+twSwizzling.h */ = {isa = PBXFileReference; lastKnownFileType = sourcecode.c.h; path = "NSArray+twSwizzling.h"; sourceTree = "<group>"; };
		D1991E3D25F7461F00B45AB5 /* NSArray+twSwizzling.m */ = {isa = PBXFileReference; lastKnownFileType = sourcecode.c.objc; path = "NSArray+twSwizzling.m"; sourceTree = "<group>"; };
		D1991E4125F7470500B45AB5 /* NSMutableArray+twChain.h */ = {isa = PBXFileReference; lastKnownFileType = sourcecode.c.h; path = "NSMutableArray+twChain.h"; sourceTree = "<group>"; };
		D1991E4225F7470500B45AB5 /* NSMutableArray+twChain.m */ = {isa = PBXFileReference; lastKnownFileType = sourcecode.c.objc; path = "NSMutableArray+twChain.m"; sourceTree = "<group>"; };
		D1991E4625F7476000B45AB5 /* NSMutableArray+twSwizzling.h */ = {isa = PBXFileReference; lastKnownFileType = sourcecode.c.h; path = "NSMutableArray+twSwizzling.h"; sourceTree = "<group>"; };
		D1991E4725F7476000B45AB5 /* NSMutableArray+twSwizzling.m */ = {isa = PBXFileReference; lastKnownFileType = sourcecode.c.objc; path = "NSMutableArray+twSwizzling.m"; sourceTree = "<group>"; };
		D1991E4B25F7495300B45AB5 /* NSObject+twSafeKVO.h */ = {isa = PBXFileReference; lastKnownFileType = sourcecode.c.h; path = "NSObject+twSafeKVO.h"; sourceTree = "<group>"; };
		D1991E4C25F7495300B45AB5 /* NSObject+twSafeKVO.m */ = {isa = PBXFileReference; lastKnownFileType = sourcecode.c.objc; path = "NSObject+twSafeKVO.m"; sourceTree = "<group>"; };
		D1A5780C25F9E0F900A7DB18 /* UIViewController+twAC.h */ = {isa = PBXFileReference; lastKnownFileType = sourcecode.c.h; path = "UIViewController+twAC.h"; sourceTree = "<group>"; };
		D1A5780D25F9E0F900A7DB18 /* UIViewController+twAC.m */ = {isa = PBXFileReference; lastKnownFileType = sourcecode.c.objc; path = "UIViewController+twAC.m"; sourceTree = "<group>"; };
		D1A5781325F9E4BF00A7DB18 /* UIViewController+twLeeBase.h */ = {isa = PBXFileReference; lastKnownFileType = sourcecode.c.h; path = "UIViewController+twLeeBase.h"; sourceTree = "<group>"; };
		D1A5781425F9E4BF00A7DB18 /* UIViewController+twLeeBase.m */ = {isa = PBXFileReference; lastKnownFileType = sourcecode.c.objc; path = "UIViewController+twLeeBase.m"; sourceTree = "<group>"; };
		D1A5781825F9E75300A7DB18 /* UIViewController+twNcBar.h */ = {isa = PBXFileReference; lastKnownFileType = sourcecode.c.h; path = "UIViewController+twNcBar.h"; sourceTree = "<group>"; };
		D1A5781925F9E75300A7DB18 /* UIViewController+twNcBar.m */ = {isa = PBXFileReference; lastKnownFileType = sourcecode.c.objc; path = "UIViewController+twNcBar.m"; sourceTree = "<group>"; };
		D1A5781D25F9EA3800A7DB18 /* UIViewController+twTapEndEdit.h */ = {isa = PBXFileReference; lastKnownFileType = sourcecode.c.h; path = "UIViewController+twTapEndEdit.h"; sourceTree = "<group>"; };
		D1A5781E25F9EA3800A7DB18 /* UIViewController+twTapEndEdit.m */ = {isa = PBXFileReference; lastKnownFileType = sourcecode.c.objc; path = "UIViewController+twTapEndEdit.m"; sourceTree = "<group>"; };
		D1A5782325FA00CC00A7DB18 /* UIView+twExtension.h */ = {isa = PBXFileReference; lastKnownFileType = sourcecode.c.h; path = "UIView+twExtension.h"; sourceTree = "<group>"; };
		D1A5782425FA00CC00A7DB18 /* UIView+twExtension.m */ = {isa = PBXFileReference; lastKnownFileType = sourcecode.c.objc; path = "UIView+twExtension.m"; sourceTree = "<group>"; };
		D1A5782825FA012600A7DB18 /* UIView+twTool.h */ = {isa = PBXFileReference; lastKnownFileType = sourcecode.c.h; path = "UIView+twTool.h"; sourceTree = "<group>"; };
		D1A5782925FA012600A7DB18 /* UIView+twTool.m */ = {isa = PBXFileReference; lastKnownFileType = sourcecode.c.objc; path = "UIView+twTool.m"; sourceTree = "<group>"; };
		D1A5782E25FA05D600A7DB18 /* UITextView+twMaxLength.h */ = {isa = PBXFileReference; lastKnownFileType = sourcecode.c.h; path = "UITextView+twMaxLength.h"; sourceTree = "<group>"; };
		D1A5782F25FA05D600A7DB18 /* UITextView+twMaxLength.m */ = {isa = PBXFileReference; lastKnownFileType = sourcecode.c.objc; path = "UITextView+twMaxLength.m"; sourceTree = "<group>"; };
		D1A5783325FA074200A7DB18 /* UITextView+twSize.h */ = {isa = PBXFileReference; lastKnownFileType = sourcecode.c.h; path = "UITextView+twSize.h"; sourceTree = "<group>"; };
		D1A5783425FA074200A7DB18 /* UITextView+twSize.m */ = {isa = PBXFileReference; lastKnownFileType = sourcecode.c.objc; path = "UITextView+twSize.m"; sourceTree = "<group>"; };
		D1A5783825FA079100A7DB18 /* UITextView_twPasteImage.h */ = {isa = PBXFileReference; lastKnownFileType = sourcecode.c.h; path = UITextView_twPasteImage.h; sourceTree = "<group>"; };
		D1A5783925FA079100A7DB18 /* UITextView_twPasteImage.m */ = {isa = PBXFileReference; lastKnownFileType = sourcecode.c.objc; path = UITextView_twPasteImage.m; sourceTree = "<group>"; };
		D1A5783D25FA085300A7DB18 /* UITextView_twPlaceHolder.h */ = {isa = PBXFileReference; lastKnownFileType = sourcecode.c.h; path = UITextView_twPlaceHolder.h; sourceTree = "<group>"; };
		D1A5783E25FA085300A7DB18 /* UITextView_twPlaceHolder.m */ = {isa = PBXFileReference; lastKnownFileType = sourcecode.c.objc; path = UITextView_twPlaceHolder.m; sourceTree = "<group>"; };
		D1A5784325FA09F000A7DB18 /* UITextField+twFormat.h */ = {isa = PBXFileReference; lastKnownFileType = sourcecode.c.h; path = "UITextField+twFormat.h"; sourceTree = "<group>"; };
		D1A5784425FA09F000A7DB18 /* UITextField+twFormat.m */ = {isa = PBXFileReference; lastKnownFileType = sourcecode.c.objc; path = "UITextField+twFormat.m"; sourceTree = "<group>"; };
		D1A5784825FA0DFE00A7DB18 /* UITextField+twInsets.h */ = {isa = PBXFileReference; lastKnownFileType = sourcecode.c.h; path = "UITextField+twInsets.h"; sourceTree = "<group>"; };
		D1A5784925FA0DFE00A7DB18 /* UITextField+twInsets.m */ = {isa = PBXFileReference; lastKnownFileType = sourcecode.c.objc; path = "UITextField+twInsets.m"; sourceTree = "<group>"; };
		D1A5784D25FA0E6B00A7DB18 /* UITextField+twMaxLength.h */ = {isa = PBXFileReference; lastKnownFileType = sourcecode.c.h; path = "UITextField+twMaxLength.h"; sourceTree = "<group>"; };
		D1A5784E25FA0E6B00A7DB18 /* UITextField+twMaxLength.m */ = {isa = PBXFileReference; lastKnownFileType = sourcecode.c.objc; path = "UITextField+twMaxLength.m"; sourceTree = "<group>"; };
		D1A5785225FA0EC300A7DB18 /* UITextField+twPlaceholder.h */ = {isa = PBXFileReference; lastKnownFileType = sourcecode.c.h; path = "UITextField+twPlaceholder.h"; sourceTree = "<group>"; };
		D1A5785325FA0EC300A7DB18 /* UITextField+twPlaceholder.m */ = {isa = PBXFileReference; lastKnownFileType = sourcecode.c.objc; path = "UITextField+twPlaceholder.m"; sourceTree = "<group>"; };
		D1A5785725FA0F1B00A7DB18 /* UITextField+twTextRange.h */ = {isa = PBXFileReference; lastKnownFileType = sourcecode.c.h; path = "UITextField+twTextRange.h"; sourceTree = "<group>"; };
		D1A5785825FA0F1B00A7DB18 /* UITextField+twTextRange.m */ = {isa = PBXFileReference; lastKnownFileType = sourcecode.c.objc; path = "UITextField+twTextRange.m"; sourceTree = "<group>"; };
		D1A5785D25FA10E000A7DB18 /* UITableView+twTransitionCoordinator.h */ = {isa = PBXFileReference; lastKnownFileType = sourcecode.c.h; path = "UITableView+twTransitionCoordinator.h"; sourceTree = "<group>"; };
		D1A5785E25FA10E000A7DB18 /* UITableView+twTransitionCoordinator.m */ = {isa = PBXFileReference; lastKnownFileType = sourcecode.c.objc; path = "UITableView+twTransitionCoordinator.m"; sourceTree = "<group>"; };
		D1A5786225FA115C00A7DB18 /* UITableViewCell+twSetSeparatorType.h */ = {isa = PBXFileReference; lastKnownFileType = sourcecode.c.h; path = "UITableViewCell+twSetSeparatorType.h"; sourceTree = "<group>"; };
		D1A5786325FA115C00A7DB18 /* UITableViewCell+twSetSeparatorType.m */ = {isa = PBXFileReference; lastKnownFileType = sourcecode.c.objc; path = "UITableViewCell+twSetSeparatorType.m"; sourceTree = "<group>"; };
		D1A5786825FA11F900A7DB18 /* UIScrollView+twTool.h */ = {isa = PBXFileReference; lastKnownFileType = sourcecode.c.h; path = "UIScrollView+twTool.h"; sourceTree = "<group>"; };
		D1A5786925FA11F900A7DB18 /* UIScrollView+twTool.m */ = {isa = PBXFileReference; lastKnownFileType = sourcecode.c.objc; path = "UIScrollView+twTool.m"; sourceTree = "<group>"; };
		D1A5786F25FA125D00A7DB18 /* UIScrollView_twPanGR.h */ = {isa = PBXFileReference; lastKnownFileType = sourcecode.c.h; path = UIScrollView_twPanGR.h; sourceTree = "<group>"; };
		D1A5787025FA125D00A7DB18 /* UIScrollView_twPanGR.m */ = {isa = PBXFileReference; lastKnownFileType = sourcecode.c.objc; path = UIScrollView_twPanGR.m; sourceTree = "<group>"; };
		D1A5787525FA143B00A7DB18 /* UINavigationController+twRemove.h */ = {isa = PBXFileReference; lastKnownFileType = sourcecode.c.h; path = "UINavigationController+twRemove.h"; sourceTree = "<group>"; };
		D1A5787625FA143B00A7DB18 /* UINavigationController+twRemove.m */ = {isa = PBXFileReference; lastKnownFileType = sourcecode.c.objc; path = "UINavigationController+twRemove.m"; sourceTree = "<group>"; };
		D1A5787A25FA148800A7DB18 /* UINavigationController+twSize.h */ = {isa = PBXFileReference; lastKnownFileType = sourcecode.c.h; path = "UINavigationController+twSize.h"; sourceTree = "<group>"; };
		D1A5787B25FA148800A7DB18 /* UINavigationController+twSize.m */ = {isa = PBXFileReference; lastKnownFileType = sourcecode.c.objc; path = "UINavigationController+twSize.m"; sourceTree = "<group>"; };
		D1A5788025FA154200A7DB18 /* UILabel+twFormat.h */ = {isa = PBXFileReference; lastKnownFileType = sourcecode.c.h; path = "UILabel+twFormat.h"; sourceTree = "<group>"; };
		D1A5788125FA154200A7DB18 /* UILabel+twFormat.m */ = {isa = PBXFileReference; lastKnownFileType = sourcecode.c.objc; path = "UILabel+twFormat.m"; sourceTree = "<group>"; };
		D1A5788725FA190600A7DB18 /* UILabel+twInsets.h */ = {isa = PBXFileReference; lastKnownFileType = sourcecode.c.h; path = "UILabel+twInsets.h"; sourceTree = "<group>"; };
		D1A5788825FA190600A7DB18 /* UILabel+twInsets.m */ = {isa = PBXFileReference; lastKnownFileType = sourcecode.c.objc; path = "UILabel+twInsets.m"; sourceTree = "<group>"; };
		D1A5789125FA19C000A7DB18 /* UILabel_twPhone.h */ = {isa = PBXFileReference; lastKnownFileType = sourcecode.c.h; path = UILabel_twPhone.h; sourceTree = "<group>"; };
		D1A5789225FA19C000A7DB18 /* UILabel_twPhone.m */ = {isa = PBXFileReference; lastKnownFileType = sourcecode.c.objc; path = UILabel_twPhone.m; sourceTree = "<group>"; };
		D1C316F425F08DDB00A05FCE /* TWTest1.m */ = {isa = PBXFileReference; lastKnownFileType = sourcecode.c.objc; path = TWTest1.m; sourceTree = "<group>"; };
		D1C3170825F0A3EF00A05FCE /* TWTool.h */ = {isa = PBXFileReference; lastKnownFileType = sourcecode.c.h; path = TWTool.h; sourceTree = "<group>"; };
		F99B101608F8D05217DA2163 /* Pods_TWTool_Example.framework */ = {isa = PBXFileReference; explicitFileType = wrapper.framework; includeInIndex = 0; path = Pods_TWTool_Example.framework; sourceTree = BUILT_PRODUCTS_DIR; };
/* End PBXFileReference section */

/* Begin PBXFrameworksBuildPhase section */
		6003F587195388D20070C39A /* Frameworks */ = {
			isa = PBXFrameworksBuildPhase;
			buildActionMask = 2147483647;
			files = (
				6003F590195388D20070C39A /* CoreGraphics.framework in Frameworks */,
				6003F592195388D20070C39A /* UIKit.framework in Frameworks */,
				6003F58E195388D20070C39A /* Foundation.framework in Frameworks */,
				364B8E1FE82888A17F670526 /* Pods_TWTool_Example.framework in Frameworks */,
			);
			runOnlyForDeploymentPostprocessing = 0;
		};
		6003F5AB195388D20070C39A /* Frameworks */ = {
			isa = PBXFrameworksBuildPhase;
			buildActionMask = 2147483647;
			files = (
				6003F5B0195388D20070C39A /* XCTest.framework in Frameworks */,
				6003F5B2195388D20070C39A /* UIKit.framework in Frameworks */,
				6003F5B1195388D20070C39A /* Foundation.framework in Frameworks */,
				5B6C1A98BE4AE209641EA490 /* Pods_TWTool_Tests.framework in Frameworks */,
			);
			runOnlyForDeploymentPostprocessing = 0;
		};
/* End PBXFrameworksBuildPhase section */

/* Begin PBXGroup section */
		6003F581195388D10070C39A = {
			isa = PBXGroup;
			children = (
				D1C316E625F08AD900A05FCE /* Classes */,
				60FF7A9C1954A5C5007DD14C /* Podspec Metadata */,
				6003F593195388D20070C39A /* Example for TWTool */,
				6003F5B5195388D20070C39A /* Tests */,
				6003F58C195388D20070C39A /* Frameworks */,
				6003F58B195388D20070C39A /* Products */,
				6F9CE91E0CB7A610445FEC1F /* Pods */,
			);
			sourceTree = "<group>";
		};
		6003F58B195388D20070C39A /* Products */ = {
			isa = PBXGroup;
			children = (
				6003F58A195388D20070C39A /* TWTool_Example.app */,
				6003F5AE195388D20070C39A /* TWTool_Tests.xctest */,
			);
			name = Products;
			sourceTree = "<group>";
		};
		6003F58C195388D20070C39A /* Frameworks */ = {
			isa = PBXGroup;
			children = (
				6003F58D195388D20070C39A /* Foundation.framework */,
				6003F58F195388D20070C39A /* CoreGraphics.framework */,
				6003F591195388D20070C39A /* UIKit.framework */,
				6003F5AF195388D20070C39A /* XCTest.framework */,
				F99B101608F8D05217DA2163 /* Pods_TWTool_Example.framework */,
				BF45F5DDA1915BABFD902209 /* Pods_TWTool_Tests.framework */,
			);
			name = Frameworks;
			sourceTree = "<group>";
		};
		6003F593195388D20070C39A /* Example for TWTool */ = {
			isa = PBXGroup;
			children = (
				6003F59C195388D20070C39A /* TWAppDelegate.h */,
				6003F59D195388D20070C39A /* TWAppDelegate.m */,
				873B8AEA1B1F5CCA007FD442 /* Main.storyboard */,
				6003F5A5195388D20070C39A /* TWViewController.h */,
				6003F5A6195388D20070C39A /* TWViewController.m */,
				71719F9D1E33DC2100824A3D /* LaunchScreen.storyboard */,
				6003F5A8195388D20070C39A /* Images.xcassets */,
				6003F594195388D20070C39A /* Supporting Files */,
			);
			name = "Example for TWTool";
			path = TWTool;
			sourceTree = "<group>";
		};
		6003F594195388D20070C39A /* Supporting Files */ = {
			isa = PBXGroup;
			children = (
				6003F595195388D20070C39A /* TWTool-Info.plist */,
				6003F596195388D20070C39A /* InfoPlist.strings */,
				6003F599195388D20070C39A /* main.m */,
				6003F59B195388D20070C39A /* TWTool-Prefix.pch */,
			);
			name = "Supporting Files";
			sourceTree = "<group>";
		};
		6003F5B5195388D20070C39A /* Tests */ = {
			isa = PBXGroup;
			children = (
				6003F5BB195388D20070C39A /* Tests.m */,
				6003F5B6195388D20070C39A /* Supporting Files */,
			);
			path = Tests;
			sourceTree = "<group>";
		};
		6003F5B6195388D20070C39A /* Supporting Files */ = {
			isa = PBXGroup;
			children = (
				6003F5B7195388D20070C39A /* Tests-Info.plist */,
				6003F5B8195388D20070C39A /* InfoPlist.strings */,
				606FC2411953D9B200FFA9A0 /* Tests-Prefix.pch */,
			);
			name = "Supporting Files";
			sourceTree = "<group>";
		};
		60FF7A9C1954A5C5007DD14C /* Podspec Metadata */ = {
			isa = PBXGroup;
			children = (
				B34CE9B8F63B219693C0315B /* TWTool.podspec */,
				68FFB1379AA99D7488D0048B /* README.md */,
				310F654595CEF9E04FAACE12 /* LICENSE */,
			);
			name = "Podspec Metadata";
			sourceTree = "<group>";
		};
		6F9CE91E0CB7A610445FEC1F /* Pods */ = {
			isa = PBXGroup;
			children = (
				A86EFA240863D9AB03AB9731 /* Pods-TWTool_Example.debug.xcconfig */,
				6C9084BD047AC813D8765D35 /* Pods-TWTool_Example.release.xcconfig */,
				01497F1AE838576DEDDA7168 /* Pods-TWTool_Tests.debug.xcconfig */,
				4CAB8C70C9A641B4CA95A7CB /* Pods-TWTool_Tests.release.xcconfig */,
			);
			path = Pods;
			sourceTree = "<group>";
		};
		D16A8CFE25F856610032B0D8 /* TWDatePicker */ = {
			isa = PBXGroup;
			children = (
				D16A8CFF25F856940032B0D8 /* NSDate+TWDatePicker.h */,
				D16A8D0025F856940032B0D8 /* NSDate+TWDatePicker.m */,
				D16A8D0625F8571A0032B0D8 /* TWDatePicker.h */,
				D16A8D0725F8571A0032B0D8 /* TWDatePicker.m */,
			);
			path = TWDatePicker;
			sourceTree = "<group>";
		};
		D16A8D1725F8A75E0032B0D8 /* TWUI */ = {
			isa = PBXGroup;
			children = (
				D16A8D1825F8AE770032B0D8 /* TWUI.h */,
				D178CD4425FB305F00E2D944 /* IToast */,
				D178CD3C25FB2F1A00E2D944 /* ProgressView */,
				D178CD3425FB2DB600E2D944 /* Response */,
				D178CD0D25FB190900E2D944 /* UIAlertController */,
				D178CD0025FB15D100E2D944 /* UIButton */,
				D178CCE525FB100B00E2D944 /* UIDevice */,
				D178CCC925FAFAF400E2D944 /* UIImage */,
				D1A5787F25FA152B00A7DB18 /* UILabel */,
				D1A5787425FA142400A7DB18 /* UINavigationController */,
				D1A5786725FA11DF00A7DB18 /* UIScrollView */,
				D1A5785C25FA10C000A7DB18 /* UITableView */,
				D1A5784225FA09B300A7DB18 /* UITextField */,
				D1A5782D25FA05B100A7DB18 /* UITextView */,
				D1A5782225FA00B900A7DB18 /* UIView */,
				D1A5780B25F9E0CD00A7DB18 /* UIViewController */,
			);
			path = TWUI;
			sourceTree = "<group>";
		};
		D16D927725F5C16200B55528 /* TWFoundation */ = {
			isa = PBXGroup;
			children = (
				D16D927925F5C20600B55528 /* TWFoundation.h */,
				D1991E3625F7455300B45AB5 /* NSArray */,
				D1991E3325F742DE00B45AB5 /* TWAssistant */,
				D1991E2425F740E800B45AB5 /* NSData */,
				D1991E1E25F73FA300B45AB5 /* NSDate */,
				D1991E1325F7261600B45AB5 /* NSDecimalNumber */,
				D1991E0625F71A2700B45AB5 /* NSDictionary */,
				D1991DFE25F7128300B45AB5 /* NSFileManager */,
				D16D92C625F60C5100B55528 /* NSObject */,
				D16D929B25F5F18800B55528 /* NSString */,
				D16D928425F5CC7500B55528 /* Prefix */,
			);
			path = TWFoundation;
			sourceTree = "<group>";
		};
		D16D928425F5CC7500B55528 /* Prefix */ = {
			isa = PBXGroup;
			children = (
				D16D928525F5CC8200B55528 /* Block+twPrefix.h */,
				D16D929025F5E9E300B55528 /* Color+twPrefix.h */,
				D16D929325F5EB4000B55528 /* Font+twPrefix.h */,
				D16D929525F5EDC700B55528 /* Fun+twPrefix.h */,
				D16D929425F5ECFE00B55528 /* Size+twPrefix.h */,
			);
			path = Prefix;
			sourceTree = "<group>";
		};
		D16D929B25F5F18800B55528 /* NSString */ = {
			isa = PBXGroup;
			children = (
				D16D92D825F60E1100B55528 /* NSString+twAtt.h */,
				D16D92D725F60E1100B55528 /* NSString+twAtt.m */,
				D16D92E325F6224900B55528 /* NSString+twEmail.h */,
				D16D92E425F6224900B55528 /* NSString+twEmail.m */,
				D16D92E825F623E300B55528 /* NSString+twIDCard.h */,
				D16D92E925F623E300B55528 /* NSString+twIDCard.m */,
				D1991DED25F705D800B45AB5 /* NSString+twMD5.h */,
				D1991DEE25F705D800B45AB5 /* NSString+twMD5.m */,
				D1991DF225F70F2A00B45AB5 /* NSString+twSize.h */,
				D1991DF325F70F2A00B45AB5 /* NSString+twSize.m */,
				D16D92CF25F60CFE00B55528 /* NSString+twSwizzling.h */,
				D16D92D025F60CFE00B55528 /* NSString+twSwizzling.m */,
				D16D92D225F60CFE00B55528 /* NSString+twTool.h */,
				D16D92D125F60CFE00B55528 /* NSString+twTool.m */,
			);
			path = NSString;
			sourceTree = "<group>";
		};
		D16D92C625F60C5100B55528 /* NSObject */ = {
			isa = PBXGroup;
			children = (
				D16D92C725F60C5100B55528 /* NSObject+twAssiign.h */,
				D16D92C925F60C5100B55528 /* NSObject+twAssiign.m */,
				D16D92CA25F60C5100B55528 /* NSObject+twPerformSelector.h */,
				D16D92C825F60C5100B55528 /* NSObject+twPerformSelector.m */,
				D16D92DC25F6125200B55528 /* NSObject+twSwizzling.h */,
				D16D92DD25F6125200B55528 /* NSObject+twSwizzling.m */,
				D1991E4B25F7495300B45AB5 /* NSObject+twSafeKVO.h */,
				D1991E4C25F7495300B45AB5 /* NSObject+twSafeKVO.m */,
			);
			path = NSObject;
			sourceTree = "<group>";
		};
		D178CCC925FAFAF400E2D944 /* UIImage */ = {
			isa = PBXGroup;
			children = (
				D178CCCA25FAFB2300E2D944 /* UIImage+twCreate.h */,
				D178CCCB25FAFB2300E2D944 /* UIImage+twCreate.m */,
				D178CCD125FAFB9900E2D944 /* UIImage+twGradient.h */,
				D178CCD225FAFB9900E2D944 /* UIImage+twGradient.m */,
				D178CCD625FAFBDA00E2D944 /* UIImage+twRead.h */,
				D178CCD725FAFBDA00E2D944 /* UIImage+twRead.m */,
				D178CCDB25FB00D200E2D944 /* UIImage+twSave.h */,
				D178CCDC25FB00D200E2D944 /* UIImage+twSave.m */,
				D178CCE025FB010800E2D944 /* UIImage+twTool.h */,
				D178CCE125FB010800E2D944 /* UIImage+twTool.m */,
			);
			path = UIImage;
			sourceTree = "<group>";
		};
		D178CCE525FB100B00E2D944 /* UIDevice */ = {
			isa = PBXGroup;
			children = (
				D178CCED25FB10C300E2D944 /* UIDevice+twPermission.h */,
				D178CCEE25FB10C300E2D944 /* UIDevice+twPermission.m */,
				D178CCF225FB115700E2D944 /* UIDevice+twSaveImage.h */,
				D178CCF325FB115700E2D944 /* UIDevice+twSaveImage.m */,
				D178CCF725FB12F700E2D944 /* UIDevice+twScreenSize.h */,
				D178CCF825FB12F700E2D944 /* UIDevice+twScreenSize.m */,
				D178CCE625FB103100E2D944 /* UIDevice+twTool.h */,
				D178CCE725FB103100E2D944 /* UIDevice+twTool.m */,
			);
			path = UIDevice;
			sourceTree = "<group>";
		};
		D178CD0025FB15D100E2D944 /* UIButton */ = {
			isa = PBXGroup;
			children = (
				D178CD0125FB15E800E2D944 /* UIButton+pLayoutCustom.h */,
				D178CD0225FB15E800E2D944 /* UIButton+pLayoutCustom.m */,
				D178CD0825FB163300E2D944 /* UIButton+twUIEdgeInsets.h */,
				D178CD0925FB163300E2D944 /* UIButton+twUIEdgeInsets.m */,
			);
			path = UIButton;
			sourceTree = "<group>";
		};
		D178CD0D25FB190900E2D944 /* UIAlertController */ = {
			isa = PBXGroup;
			children = (
				D178CD0E25FB191D00E2D944 /* UIAlertController+twTool.h */,
				D178CD0F25FB191D00E2D944 /* UIAlertController+twTool.m */,
			);
			path = UIAlertController;
			sourceTree = "<group>";
		};
		D178CD3425FB2DB600E2D944 /* Response */ = {
			isa = PBXGroup;
			children = (
				D178CD3625FB2DB600E2D944 /* UIResponder+twRouter.h */,
				D178CD3525FB2DB600E2D944 /* UIResponder+twRouter.m */,
			);
			path = Response;
			sourceTree = "<group>";
		};
		D178CD3C25FB2F1A00E2D944 /* ProgressView */ = {
			isa = PBXGroup;
			children = (
				D178CD3E25FB2F1A00E2D944 /* ProgressView_tanwang.h */,
				D178CD3D25FB2F1A00E2D944 /* ProgressView_tanwang.m */,
			);
			path = ProgressView;
			sourceTree = "<group>";
		};
		D178CD4425FB305F00E2D944 /* IToast */ = {
			isa = PBXGroup;
			children = (
				D178CD4725FB305F00E2D944 /* IToast_tanwang.h */,
				D178CD4525FB305F00E2D944 /* IToast_tanwang.m */,
				D178CD4825FB305F00E2D944 /* IToastTWTool.h */,
				D178CD4625FB305F00E2D944 /* IToastTWTool.m */,
			);
			path = IToast;
			sourceTree = "<group>";
		};
		D1991DFE25F7128300B45AB5 /* NSFileManager */ = {
			isa = PBXGroup;
			children = (
				D1991DFF25F712C200B45AB5 /* NSFileManager+twTool.h */,
				D1991E0025F712C200B45AB5 /* NSFileManager+twTool.m */,
			);
			path = NSFileManager;
			sourceTree = "<group>";
		};
		D1991E0625F71A2700B45AB5 /* NSDictionary */ = {
			isa = PBXGroup;
			children = (
				D1991E0725F71A7300B45AB5 /* NSDictionary+twSwizzling.h */,
				D1991E0825F71A7300B45AB5 /* NSDictionary+twSwizzling.m */,
				D1991E0E25F7224300B45AB5 /* NSDictionary+twTool.h */,
				D1991E0F25F7224300B45AB5 /* NSDictionary+twTool.m */,
			);
			path = NSDictionary;
			sourceTree = "<group>";
		};
		D1991E1325F7261600B45AB5 /* NSDecimalNumber */ = {
			isa = PBXGroup;
			children = (
				D1991E1425F7262F00B45AB5 /* NSDecimalNumber+twChain.h */,
				D1991E1525F7262F00B45AB5 /* NSDecimalNumber+twChain.m */,
				D1991E1925F73B3200B45AB5 /* NSDecimalNumber+twSwizzling.h */,
				D1991E1A25F73B3200B45AB5 /* NSDecimalNumber+twSwizzling.m */,
			);
			path = NSDecimalNumber;
			sourceTree = "<group>";
		};
		D1991E1E25F73FA300B45AB5 /* NSDate */ = {
			isa = PBXGroup;
			children = (
				D1991E1F25F73FC100B45AB5 /* NSDate+twTool.h */,
				D1991E2025F73FC100B45AB5 /* NSDate+twTool.m */,
			);
			path = NSDate;
			sourceTree = "<group>";
		};
		D1991E2425F740E800B45AB5 /* NSData */ = {
			isa = PBXGroup;
			children = (
				D1991E2525F740FE00B45AB5 /* NSData+twDic.h */,
				D1991E2625F740FE00B45AB5 /* NSData+twDic.m */,
			);
			path = NSData;
			sourceTree = "<group>";
		};
		D1991E3325F742DE00B45AB5 /* TWAssistant */ = {
			isa = PBXGroup;
			children = (
				D1991E2C25F742D600B45AB5 /* TWAssistant.h */,
				D1991E2D25F742D600B45AB5 /* TWAssistant.m */,
			);
			path = TWAssistant;
			sourceTree = "<group>";
		};
		D1991E3625F7455300B45AB5 /* NSArray */ = {
			isa = PBXGroup;
			children = (
				D1991E3725F7457900B45AB5 /* NSArray+twJsonDic.h */,
				D1991E3825F7457900B45AB5 /* NSArray+twJsonDic.m */,
				D1991E3C25F7461F00B45AB5 /* NSArray+twSwizzling.h */,
				D1991E3D25F7461F00B45AB5 /* NSArray+twSwizzling.m */,
				D1991E4125F7470500B45AB5 /* NSMutableArray+twChain.h */,
				D1991E4225F7470500B45AB5 /* NSMutableArray+twChain.m */,
				D1991E4625F7476000B45AB5 /* NSMutableArray+twSwizzling.h */,
				D1991E4725F7476000B45AB5 /* NSMutableArray+twSwizzling.m */,
			);
			path = NSArray;
			sourceTree = "<group>";
		};
		D1A5780B25F9E0CD00A7DB18 /* UIViewController */ = {
			isa = PBXGroup;
			children = (
				D1A5780C25F9E0F900A7DB18 /* UIViewController+twAC.h */,
				D1A5780D25F9E0F900A7DB18 /* UIViewController+twAC.m */,
				D1A5781325F9E4BF00A7DB18 /* UIViewController+twLeeBase.h */,
				D1A5781425F9E4BF00A7DB18 /* UIViewController+twLeeBase.m */,
				D1A5781825F9E75300A7DB18 /* UIViewController+twNcBar.h */,
				D1A5781925F9E75300A7DB18 /* UIViewController+twNcBar.m */,
				D1A5781D25F9EA3800A7DB18 /* UIViewController+twTapEndEdit.h */,
				D1A5781E25F9EA3800A7DB18 /* UIViewController+twTapEndEdit.m */,
			);
			path = UIViewController;
			sourceTree = "<group>";
		};
		D1A5782225FA00B900A7DB18 /* UIView */ = {
			isa = PBXGroup;
			children = (
				D1A5782325FA00CC00A7DB18 /* UIView+twExtension.h */,
				D1A5782425FA00CC00A7DB18 /* UIView+twExtension.m */,
				D1A5782825FA012600A7DB18 /* UIView+twTool.h */,
				D1A5782925FA012600A7DB18 /* UIView+twTool.m */,
			);
			path = UIView;
			sourceTree = "<group>";
		};
		D1A5782D25FA05B100A7DB18 /* UITextView */ = {
			isa = PBXGroup;
			children = (
				D1A5782E25FA05D600A7DB18 /* UITextView+twMaxLength.h */,
				D1A5782F25FA05D600A7DB18 /* UITextView+twMaxLength.m */,
				D1A5783325FA074200A7DB18 /* UITextView+twSize.h */,
				D1A5783425FA074200A7DB18 /* UITextView+twSize.m */,
				D1A5783825FA079100A7DB18 /* UITextView_twPasteImage.h */,
				D1A5783925FA079100A7DB18 /* UITextView_twPasteImage.m */,
				D1A5783D25FA085300A7DB18 /* UITextView_twPlaceHolder.h */,
				D1A5783E25FA085300A7DB18 /* UITextView_twPlaceHolder.m */,
			);
			path = UITextView;
			sourceTree = "<group>";
		};
		D1A5784225FA09B300A7DB18 /* UITextField */ = {
			isa = PBXGroup;
			children = (
				D1A5784325FA09F000A7DB18 /* UITextField+twFormat.h */,
				D1A5784425FA09F000A7DB18 /* UITextField+twFormat.m */,
				D1A5784825FA0DFE00A7DB18 /* UITextField+twInsets.h */,
				D1A5784925FA0DFE00A7DB18 /* UITextField+twInsets.m */,
				D1A5784D25FA0E6B00A7DB18 /* UITextField+twMaxLength.h */,
				D1A5784E25FA0E6B00A7DB18 /* UITextField+twMaxLength.m */,
				D1A5785225FA0EC300A7DB18 /* UITextField+twPlaceholder.h */,
				D1A5785325FA0EC300A7DB18 /* UITextField+twPlaceholder.m */,
				D1A5785725FA0F1B00A7DB18 /* UITextField+twTextRange.h */,
				D1A5785825FA0F1B00A7DB18 /* UITextField+twTextRange.m */,
			);
			path = UITextField;
			sourceTree = "<group>";
		};
		D1A5785C25FA10C000A7DB18 /* UITableView */ = {
			isa = PBXGroup;
			children = (
				D1A5785D25FA10E000A7DB18 /* UITableView+twTransitionCoordinator.h */,
				D1A5785E25FA10E000A7DB18 /* UITableView+twTransitionCoordinator.m */,
				D1A5786225FA115C00A7DB18 /* UITableViewCell+twSetSeparatorType.h */,
				D1A5786325FA115C00A7DB18 /* UITableViewCell+twSetSeparatorType.m */,
			);
			path = UITableView;
			sourceTree = "<group>";
		};
		D1A5786725FA11DF00A7DB18 /* UIScrollView */ = {
			isa = PBXGroup;
			children = (
				D1A5786825FA11F900A7DB18 /* UIScrollView+twTool.h */,
				D1A5786925FA11F900A7DB18 /* UIScrollView+twTool.m */,
				D1A5786F25FA125D00A7DB18 /* UIScrollView_twPanGR.h */,
				D1A5787025FA125D00A7DB18 /* UIScrollView_twPanGR.m */,
			);
			path = UIScrollView;
			sourceTree = "<group>";
		};
		D1A5787425FA142400A7DB18 /* UINavigationController */ = {
			isa = PBXGroup;
			children = (
				D1A5787525FA143B00A7DB18 /* UINavigationController+twRemove.h */,
				D1A5787625FA143B00A7DB18 /* UINavigationController+twRemove.m */,
				D1A5787A25FA148800A7DB18 /* UINavigationController+twSize.h */,
				D1A5787B25FA148800A7DB18 /* UINavigationController+twSize.m */,
			);
			path = UINavigationController;
			sourceTree = "<group>";
		};
		D1A5787F25FA152B00A7DB18 /* UILabel */ = {
			isa = PBXGroup;
			children = (
				D1A5788025FA154200A7DB18 /* UILabel+twFormat.h */,
				D1A5788125FA154200A7DB18 /* UILabel+twFormat.m */,
				D1A5788725FA190600A7DB18 /* UILabel+twInsets.h */,
				D1A5788825FA190600A7DB18 /* UILabel+twInsets.m */,
				D178CCC225FAF96000E2D944 /* UILabel+twSize.h */,
				D178CCC325FAF96000E2D944 /* UILabel+twSize.m */,
				D1A5789125FA19C000A7DB18 /* UILabel_twPhone.h */,
				D1A5789225FA19C000A7DB18 /* UILabel_twPhone.m */,
			);
			path = UILabel;
			sourceTree = "<group>";
		};
		D1C316E625F08AD900A05FCE /* Classes */ = {
			isa = PBXGroup;
			children = (
				D1C3170825F0A3EF00A05FCE /* TWTool.h */,
				D1C3170E25F0A52800A05FCE /* TWTest1 */,
				D16D927725F5C16200B55528 /* TWFoundation */,
				D16A8CFE25F856610032B0D8 /* TWDatePicker */,
				D16A8D1725F8A75E0032B0D8 /* TWUI */,
			);
			name = Classes;
			path = ../TWTool/Classes;
			sourceTree = "<group>";
		};
		D1C3170E25F0A52800A05FCE /* TWTest1 */ = {
			isa = PBXGroup;
			children = (
				D16D927B25F5C53300B55528 /* TWTest1.h */,
				D1C316F425F08DDB00A05FCE /* TWTest1.m */,
			);
			path = TWTest1;
			sourceTree = "<group>";
		};
/* End PBXGroup section */

/* Begin PBXNativeTarget section */
		6003F589195388D20070C39A /* TWTool_Example */ = {
			isa = PBXNativeTarget;
			buildConfigurationList = 6003F5BF195388D20070C39A /* Build configuration list for PBXNativeTarget "TWTool_Example" */;
			buildPhases = (
				04BC984737B58358A9394479 /* [CP] Check Pods Manifest.lock */,
				6003F586195388D20070C39A /* Sources */,
				6003F587195388D20070C39A /* Frameworks */,
				6003F588195388D20070C39A /* Resources */,
				40252135B930803F0D37D323 /* [CP] Embed Pods Frameworks */,
			);
			buildRules = (
			);
			dependencies = (
			);
			name = TWTool_Example;
			productName = TWTool;
			productReference = 6003F58A195388D20070C39A /* TWTool_Example.app */;
			productType = "com.apple.product-type.application";
		};
		6003F5AD195388D20070C39A /* TWTool_Tests */ = {
			isa = PBXNativeTarget;
			buildConfigurationList = 6003F5C2195388D20070C39A /* Build configuration list for PBXNativeTarget "TWTool_Tests" */;
			buildPhases = (
				95F92C48CA8A272AB28B977E /* [CP] Check Pods Manifest.lock */,
				6003F5AA195388D20070C39A /* Sources */,
				6003F5AB195388D20070C39A /* Frameworks */,
				6003F5AC195388D20070C39A /* Resources */,
				9549E65C761757CAA0A771A4 /* [CP] Embed Pods Frameworks */,
			);
			buildRules = (
			);
			dependencies = (
				6003F5B4195388D20070C39A /* PBXTargetDependency */,
			);
			name = TWTool_Tests;
			productName = TWToolTests;
			productReference = 6003F5AE195388D20070C39A /* TWTool_Tests.xctest */;
			productType = "com.apple.product-type.bundle.unit-test";
		};
/* End PBXNativeTarget section */

/* Begin PBXProject section */
		6003F582195388D10070C39A /* Project object */ = {
			isa = PBXProject;
			attributes = {
				CLASSPREFIX = TW;
				LastUpgradeCheck = 0720;
				ORGANIZATIONNAME = tanwang11;
				TargetAttributes = {
					6003F5AD195388D20070C39A = {
						TestTargetID = 6003F589195388D20070C39A;
					};
				};
			};
			buildConfigurationList = 6003F585195388D10070C39A /* Build configuration list for PBXProject "TWTool" */;
			compatibilityVersion = "Xcode 3.2";
			developmentRegion = English;
			hasScannedForEncodings = 0;
			knownRegions = (
				English,
				en,
				Base,
			);
			mainGroup = 6003F581195388D10070C39A;
			productRefGroup = 6003F58B195388D20070C39A /* Products */;
			projectDirPath = "";
			projectRoot = "";
			targets = (
				6003F589195388D20070C39A /* TWTool_Example */,
				6003F5AD195388D20070C39A /* TWTool_Tests */,
			);
		};
/* End PBXProject section */

/* Begin PBXResourcesBuildPhase section */
		6003F588195388D20070C39A /* Resources */ = {
			isa = PBXResourcesBuildPhase;
			buildActionMask = 2147483647;
			files = (
				873B8AEB1B1F5CCA007FD442 /* Main.storyboard in Resources */,
				71719F9F1E33DC2100824A3D /* LaunchScreen.storyboard in Resources */,
				6003F5A9195388D20070C39A /* Images.xcassets in Resources */,
				6003F598195388D20070C39A /* InfoPlist.strings in Resources */,
			);
			runOnlyForDeploymentPostprocessing = 0;
		};
		6003F5AC195388D20070C39A /* Resources */ = {
			isa = PBXResourcesBuildPhase;
			buildActionMask = 2147483647;
			files = (
				6003F5BA195388D20070C39A /* InfoPlist.strings in Resources */,
			);
			runOnlyForDeploymentPostprocessing = 0;
		};
/* End PBXResourcesBuildPhase section */

/* Begin PBXShellScriptBuildPhase section */
		04BC984737B58358A9394479 /* [CP] Check Pods Manifest.lock */ = {
			isa = PBXShellScriptBuildPhase;
			buildActionMask = 2147483647;
			files = (
			);
			inputFileListPaths = (
			);
			inputPaths = (
				"${PODS_PODFILE_DIR_PATH}/Podfile.lock",
				"${PODS_ROOT}/Manifest.lock",
			);
			name = "[CP] Check Pods Manifest.lock";
			outputFileListPaths = (
			);
			outputPaths = (
				"$(DERIVED_FILE_DIR)/Pods-TWTool_Example-checkManifestLockResult.txt",
			);
			runOnlyForDeploymentPostprocessing = 0;
			shellPath = /bin/sh;
			shellScript = "diff \"${PODS_PODFILE_DIR_PATH}/Podfile.lock\" \"${PODS_ROOT}/Manifest.lock\" > /dev/null\nif [ $? != 0 ] ; then\n    # print error to STDERR\n    echo \"error: The sandbox is not in sync with the Podfile.lock. Run 'pod install' or update your CocoaPods installation.\" >&2\n    exit 1\nfi\n# This output is used by Xcode 'outputs' to avoid re-running this script phase.\necho \"SUCCESS\" > \"${SCRIPT_OUTPUT_FILE_0}\"\n";
			showEnvVarsInLog = 0;
		};
		40252135B930803F0D37D323 /* [CP] Embed Pods Frameworks */ = {
			isa = PBXShellScriptBuildPhase;
			buildActionMask = 2147483647;
			files = (
			);
			inputPaths = (
				"${PODS_ROOT}/Target Support Files/Pods-TWTool_Example/Pods-TWTool_Example-frameworks.sh",
				"${BUILT_PRODUCTS_DIR}/TWTool/TWTool.framework",
			);
			name = "[CP] Embed Pods Frameworks";
			outputPaths = (
				"${TARGET_BUILD_DIR}/${FRAMEWORKS_FOLDER_PATH}/TWTool.framework",
			);
			runOnlyForDeploymentPostprocessing = 0;
			shellPath = /bin/sh;
			shellScript = "\"${PODS_ROOT}/Target Support Files/Pods-TWTool_Example/Pods-TWTool_Example-frameworks.sh\"\n";
			showEnvVarsInLog = 0;
		};
		9549E65C761757CAA0A771A4 /* [CP] Embed Pods Frameworks */ = {
			isa = PBXShellScriptBuildPhase;
			buildActionMask = 2147483647;
			files = (
			);
			inputPaths = (
				"${PODS_ROOT}/Target Support Files/Pods-TWTool_Tests/Pods-TWTool_Tests-frameworks.sh",
				"${BUILT_PRODUCTS_DIR}/FBSnapshotTestCase/FBSnapshotTestCase.framework",
			);
			name = "[CP] Embed Pods Frameworks";
			outputPaths = (
				"${TARGET_BUILD_DIR}/${FRAMEWORKS_FOLDER_PATH}/FBSnapshotTestCase.framework",
			);
			runOnlyForDeploymentPostprocessing = 0;
			shellPath = /bin/sh;
			shellScript = "\"${PODS_ROOT}/Target Support Files/Pods-TWTool_Tests/Pods-TWTool_Tests-frameworks.sh\"\n";
			showEnvVarsInLog = 0;
		};
		95F92C48CA8A272AB28B977E /* [CP] Check Pods Manifest.lock */ = {
			isa = PBXShellScriptBuildPhase;
			buildActionMask = 2147483647;
			files = (
			);
			inputFileListPaths = (
			);
			inputPaths = (
				"${PODS_PODFILE_DIR_PATH}/Podfile.lock",
				"${PODS_ROOT}/Manifest.lock",
			);
			name = "[CP] Check Pods Manifest.lock";
			outputFileListPaths = (
			);
			outputPaths = (
				"$(DERIVED_FILE_DIR)/Pods-TWTool_Tests-checkManifestLockResult.txt",
			);
			runOnlyForDeploymentPostprocessing = 0;
			shellPath = /bin/sh;
			shellScript = "diff \"${PODS_PODFILE_DIR_PATH}/Podfile.lock\" \"${PODS_ROOT}/Manifest.lock\" > /dev/null\nif [ $? != 0 ] ; then\n    # print error to STDERR\n    echo \"error: The sandbox is not in sync with the Podfile.lock. Run 'pod install' or update your CocoaPods installation.\" >&2\n    exit 1\nfi\n# This output is used by Xcode 'outputs' to avoid re-running this script phase.\necho \"SUCCESS\" > \"${SCRIPT_OUTPUT_FILE_0}\"\n";
			showEnvVarsInLog = 0;
		};
/* End PBXShellScriptBuildPhase section */

/* Begin PBXSourcesBuildPhase section */
		6003F586195388D20070C39A /* Sources */ = {
			isa = PBXSourcesBuildPhase;
			buildActionMask = 2147483647;
			files = (
				D178CCC425FAF96000E2D944 /* UILabel+twSize.m in Sources */,
				D1A5789325FA19C000A7DB18 /* UILabel_twPhone.m in Sources */,
				D1A5783F25FA085300A7DB18 /* UITextView_twPlaceHolder.m in Sources */,
				D178CD1025FB191D00E2D944 /* UIAlertController+twTool.m in Sources */,
				D178CD3F25FB2F1A00E2D944 /* ProgressView_tanwang.m in Sources */,
				D1A5783A25FA079100A7DB18 /* UITextView_twPasteImage.m in Sources */,
				D1A5786A25FA11F900A7DB18 /* UIScrollView+twTool.m in Sources */,
				D16D92D425F60CFF00B55528 /* NSString+twTool.m in Sources */,
				D16D92CB25F60C5100B55528 /* NSObject+twPerformSelector.m in Sources */,
				D178CCCC25FAFB2300E2D944 /* UIImage+twCreate.m in Sources */,
				D178CCEF25FB10C300E2D944 /* UIDevice+twPermission.m in Sources */,
				D1A5788225FA154200A7DB18 /* UILabel+twFormat.m in Sources */,
				D1991E2725F740FE00B45AB5 /* NSData+twDic.m in Sources */,
				D16D92D325F60CFF00B55528 /* NSString+twSwizzling.m in Sources */,
				D1991E0925F71A7300B45AB5 /* NSDictionary+twSwizzling.m in Sources */,
				D178CCD325FAFB9900E2D944 /* UIImage+twGradient.m in Sources */,
				D1A5782525FA00CC00A7DB18 /* UIView+twExtension.m in Sources */,
				D1A5780E25F9E0F900A7DB18 /* UIViewController+twAC.m in Sources */,
				D178CD4925FB305F00E2D944 /* IToast_tanwang.m in Sources */,
				D1991E1625F7262F00B45AB5 /* NSDecimalNumber+twChain.m in Sources */,
				D1A5787125FA125D00A7DB18 /* UIScrollView_twPanGR.m in Sources */,
				6003F59E195388D20070C39A /* TWAppDelegate.m in Sources */,
				D1A5787725FA143B00A7DB18 /* UINavigationController+twRemove.m in Sources */,
				D178CCDD25FB00D200E2D944 /* UIImage+twSave.m in Sources */,
				D1A5785F25FA10E000A7DB18 /* UITableView+twTransitionCoordinator.m in Sources */,
				D16D92DE25F6125200B55528 /* NSObject+twSwizzling.m in Sources */,
				D1991DF425F70F2A00B45AB5 /* NSString+twSize.m in Sources */,
				D1A5787C25FA148800A7DB18 /* UINavigationController+twSize.m in Sources */,
				D1991E1B25F73B3200B45AB5 /* NSDecimalNumber+twSwizzling.m in Sources */,
				D1C316F525F08DDB00A05FCE /* TWTest1.m in Sources */,
				D1991E2E25F742D600B45AB5 /* TWAssistant.m in Sources */,
				D1991E3925F7457900B45AB5 /* NSArray+twJsonDic.m in Sources */,
				D1A5784F25FA0E6B00A7DB18 /* UITextField+twMaxLength.m in Sources */,
				D1A5781A25F9E75300A7DB18 /* UIViewController+twNcBar.m in Sources */,
				D1991E1025F7224300B45AB5 /* NSDictionary+twTool.m in Sources */,
				D16D92E525F6224900B55528 /* NSString+twEmail.m in Sources */,
				D178CD0325FB15E800E2D944 /* UIButton+pLayoutCustom.m in Sources */,
				D16D92D925F60E1100B55528 /* NSString+twAtt.m in Sources */,
				D178CD3725FB2DB600E2D944 /* UIResponder+twRouter.m in Sources */,
				D16A8D0825F8571A0032B0D8 /* TWDatePicker.m in Sources */,
				D1991E2125F73FC100B45AB5 /* NSDate+twTool.m in Sources */,
				D1A5782A25FA012600A7DB18 /* UIView+twTool.m in Sources */,
				D1A5788925FA190600A7DB18 /* UILabel+twInsets.m in Sources */,
				6003F5A7195388D20070C39A /* TWViewController.m in Sources */,
				D178CCE825FB103100E2D944 /* UIDevice+twTool.m in Sources */,
				D1991E0125F712C200B45AB5 /* NSFileManager+twTool.m in Sources */,
				D1A5785925FA0F1B00A7DB18 /* UITextField+twTextRange.m in Sources */,
				D1991DEF25F705D800B45AB5 /* NSString+twMD5.m in Sources */,
				D178CCF925FB12F700E2D944 /* UIDevice+twScreenSize.m in Sources */,
				D1991E4825F7476000B45AB5 /* NSMutableArray+twSwizzling.m in Sources */,
				D178CD4A25FB305F00E2D944 /* IToastTWTool.m in Sources */,
				D16A8D0125F856940032B0D8 /* NSDate+TWDatePicker.m in Sources */,
				D1A5781F25F9EA3800A7DB18 /* UIViewController+twTapEndEdit.m in Sources */,
				D178CCE225FB010800E2D944 /* UIImage+twTool.m in Sources */,
				D1A5785425FA0EC300A7DB18 /* UITextField+twPlaceholder.m in Sources */,
				D1991E4325F7470500B45AB5 /* NSMutableArray+twChain.m in Sources */,
				D1A5784525FA09F000A7DB18 /* UITextField+twFormat.m in Sources */,
				6003F59A195388D20070C39A /* main.m in Sources */,
				D1A5784A25FA0DFE00A7DB18 /* UITextField+twInsets.m in Sources */,
				D1A5781525F9E4BF00A7DB18 /* UIViewController+twLeeBase.m in Sources */,
				D178CCF425FB115700E2D944 /* UIDevice+twSaveImage.m in Sources */,
				D178CCD825FAFBDA00E2D944 /* UIImage+twRead.m in Sources */,
				D178CD0A25FB163300E2D944 /* UIButton+twUIEdgeInsets.m in Sources */,
				D16D92CC25F60C5100B55528 /* NSObject+twAssiign.m in Sources */,
				D1991E4D25F7495300B45AB5 /* NSObject+twSafeKVO.m in Sources */,
				D1A5786425FA115C00A7DB18 /* UITableViewCell+twSetSeparatorType.m in Sources */,
				D16D92EA25F623E300B55528 /* NSString+twIDCard.m in Sources */,
				D1A5783525FA074200A7DB18 /* UITextView+twSize.m in Sources */,
				D1991E3E25F7461F00B45AB5 /* NSArray+twSwizzling.m in Sources */,
				D1A5783025FA05D600A7DB18 /* UITextView+twMaxLength.m in Sources */,
			);
			runOnlyForDeploymentPostprocessing = 0;
		};
		6003F5AA195388D20070C39A /* Sources */ = {
			isa = PBXSourcesBuildPhase;
			buildActionMask = 2147483647;
			files = (
				6003F5BC195388D20070C39A /* Tests.m in Sources */,
			);
			runOnlyForDeploymentPostprocessing = 0;
		};
/* End PBXSourcesBuildPhase section */

/* Begin PBXTargetDependency section */
		6003F5B4195388D20070C39A /* PBXTargetDependency */ = {
			isa = PBXTargetDependency;
			target = 6003F589195388D20070C39A /* TWTool_Example */;
			targetProxy = 6003F5B3195388D20070C39A /* PBXContainerItemProxy */;
		};
/* End PBXTargetDependency section */

/* Begin PBXVariantGroup section */
		6003F596195388D20070C39A /* InfoPlist.strings */ = {
			isa = PBXVariantGroup;
			children = (
				6003F597195388D20070C39A /* en */,
			);
			name = InfoPlist.strings;
			sourceTree = "<group>";
		};
		6003F5B8195388D20070C39A /* InfoPlist.strings */ = {
			isa = PBXVariantGroup;
			children = (
				6003F5B9195388D20070C39A /* en */,
			);
			name = InfoPlist.strings;
			sourceTree = "<group>";
		};
		71719F9D1E33DC2100824A3D /* LaunchScreen.storyboard */ = {
			isa = PBXVariantGroup;
			children = (
				71719F9E1E33DC2100824A3D /* Base */,
			);
			name = LaunchScreen.storyboard;
			sourceTree = "<group>";
		};
/* End PBXVariantGroup section */

/* Begin XCBuildConfiguration section */
		6003F5BD195388D20070C39A /* Debug */ = {
			isa = XCBuildConfiguration;
			buildSettings = {
				ALWAYS_SEARCH_USER_PATHS = NO;
				CLANG_CXX_LANGUAGE_STANDARD = "gnu++0x";
				CLANG_CXX_LIBRARY = "libc++";
				CLANG_ENABLE_MODULES = YES;
				CLANG_ENABLE_OBJC_ARC = YES;
				CLANG_WARN_BOOL_CONVERSION = YES;
				CLANG_WARN_CONSTANT_CONVERSION = YES;
				CLANG_WARN_DIRECT_OBJC_ISA_USAGE = YES_ERROR;
				CLANG_WARN_EMPTY_BODY = YES;
				CLANG_WARN_ENUM_CONVERSION = YES;
				CLANG_WARN_INT_CONVERSION = YES;
				CLANG_WARN_OBJC_ROOT_CLASS = YES_ERROR;
				CLANG_WARN__DUPLICATE_METHOD_MATCH = YES;
				"CODE_SIGN_IDENTITY[sdk=iphoneos*]" = "iPhone Developer";
				COPY_PHASE_STRIP = NO;
				ENABLE_TESTABILITY = YES;
				GCC_C_LANGUAGE_STANDARD = gnu99;
				GCC_DYNAMIC_NO_PIC = NO;
				GCC_OPTIMIZATION_LEVEL = 0;
				GCC_PREPROCESSOR_DEFINITIONS = (
					"DEBUG=1",
					"$(inherited)",
				);
				GCC_SYMBOLS_PRIVATE_EXTERN = NO;
				GCC_WARN_64_TO_32_BIT_CONVERSION = YES;
				GCC_WARN_ABOUT_RETURN_TYPE = YES_ERROR;
				GCC_WARN_UNDECLARED_SELECTOR = YES;
				GCC_WARN_UNINITIALIZED_AUTOS = YES_AGGRESSIVE;
				GCC_WARN_UNUSED_FUNCTION = YES;
				GCC_WARN_UNUSED_VARIABLE = YES;
				IPHONEOS_DEPLOYMENT_TARGET = 9.3;
				ONLY_ACTIVE_ARCH = YES;
				SDKROOT = iphoneos;
				TARGETED_DEVICE_FAMILY = "1,2";
			};
			name = Debug;
		};
		6003F5BE195388D20070C39A /* Release */ = {
			isa = XCBuildConfiguration;
			buildSettings = {
				ALWAYS_SEARCH_USER_PATHS = NO;
				CLANG_CXX_LANGUAGE_STANDARD = "gnu++0x";
				CLANG_CXX_LIBRARY = "libc++";
				CLANG_ENABLE_MODULES = YES;
				CLANG_ENABLE_OBJC_ARC = YES;
				CLANG_WARN_BOOL_CONVERSION = YES;
				CLANG_WARN_CONSTANT_CONVERSION = YES;
				CLANG_WARN_DIRECT_OBJC_ISA_USAGE = YES_ERROR;
				CLANG_WARN_EMPTY_BODY = YES;
				CLANG_WARN_ENUM_CONVERSION = YES;
				CLANG_WARN_INT_CONVERSION = YES;
				CLANG_WARN_OBJC_ROOT_CLASS = YES_ERROR;
				CLANG_WARN__DUPLICATE_METHOD_MATCH = YES;
				"CODE_SIGN_IDENTITY[sdk=iphoneos*]" = "iPhone Developer";
				COPY_PHASE_STRIP = YES;
				ENABLE_NS_ASSERTIONS = NO;
				GCC_C_LANGUAGE_STANDARD = gnu99;
				GCC_WARN_64_TO_32_BIT_CONVERSION = YES;
				GCC_WARN_ABOUT_RETURN_TYPE = YES_ERROR;
				GCC_WARN_UNDECLARED_SELECTOR = YES;
				GCC_WARN_UNINITIALIZED_AUTOS = YES_AGGRESSIVE;
				GCC_WARN_UNUSED_FUNCTION = YES;
				GCC_WARN_UNUSED_VARIABLE = YES;
				IPHONEOS_DEPLOYMENT_TARGET = 9.3;
				SDKROOT = iphoneos;
				TARGETED_DEVICE_FAMILY = "1,2";
				VALIDATE_PRODUCT = YES;
			};
			name = Release;
		};
		6003F5C0195388D20070C39A /* Debug */ = {
			isa = XCBuildConfiguration;
			baseConfigurationReference = A86EFA240863D9AB03AB9731 /* Pods-TWTool_Example.debug.xcconfig */;
			buildSettings = {
				ASSETCATALOG_COMPILER_APPICON_NAME = AppIcon;
				CODE_SIGN_ENTITLEMENTS = TWTool_Example.entitlements;
				GCC_PRECOMPILE_PREFIX_HEADER = YES;
				GCC_PREFIX_HEADER = "TWTool/TWTool-Prefix.pch";
				INFOPLIST_FILE = "TWTool/TWTool-Info.plist";
				MODULE_NAME = ExampleApp;
				PRODUCT_BUNDLE_IDENTIFIER = "org.cocoapods.demo.${PRODUCT_NAME:rfc1034identifier}";
				PRODUCT_NAME = "$(TARGET_NAME)";
				SUPPORTS_MACCATALYST = NO;
				SWIFT_VERSION = 4.0;
				TARGETED_DEVICE_FAMILY = "1,2";
				WRAPPER_EXTENSION = app;
			};
			name = Debug;
		};
		6003F5C1195388D20070C39A /* Release */ = {
			isa = XCBuildConfiguration;
			baseConfigurationReference = 6C9084BD047AC813D8765D35 /* Pods-TWTool_Example.release.xcconfig */;
			buildSettings = {
				ASSETCATALOG_COMPILER_APPICON_NAME = AppIcon;
				CODE_SIGN_ENTITLEMENTS = TWTool_Example.entitlements;
				GCC_PRECOMPILE_PREFIX_HEADER = YES;
				GCC_PREFIX_HEADER = "TWTool/TWTool-Prefix.pch";
				INFOPLIST_FILE = "TWTool/TWTool-Info.plist";
				MODULE_NAME = ExampleApp;
				PRODUCT_BUNDLE_IDENTIFIER = "org.cocoapods.demo.${PRODUCT_NAME:rfc1034identifier}";
				PRODUCT_NAME = "$(TARGET_NAME)";
				SUPPORTS_MACCATALYST = NO;
				SWIFT_VERSION = 4.0;
				TARGETED_DEVICE_FAMILY = "1,2";
				WRAPPER_EXTENSION = app;
			};
			name = Release;
		};
		6003F5C3195388D20070C39A /* Debug */ = {
			isa = XCBuildConfiguration;
			baseConfigurationReference = 01497F1AE838576DEDDA7168 /* Pods-TWTool_Tests.debug.xcconfig */;
			buildSettings = {
				BUNDLE_LOADER = "$(TEST_HOST)";
				FRAMEWORK_SEARCH_PATHS = (
					"$(PLATFORM_DIR)/Developer/Library/Frameworks",
					"$(inherited)",
					"$(DEVELOPER_FRAMEWORKS_DIR)",
				);
				GCC_PRECOMPILE_PREFIX_HEADER = YES;
				GCC_PREFIX_HEADER = "Tests/Tests-Prefix.pch";
				GCC_PREPROCESSOR_DEFINITIONS = (
					"DEBUG=1",
					"$(inherited)",
				);
				INFOPLIST_FILE = "Tests/Tests-Info.plist";
				PRODUCT_BUNDLE_IDENTIFIER = "org.cocoapods.demo.${PRODUCT_NAME:rfc1034identifier}";
				PRODUCT_NAME = "$(TARGET_NAME)";
				SWIFT_VERSION = 4.0;
				TEST_HOST = "$(BUILT_PRODUCTS_DIR)/TWTool_Example.app/TWTool_Example";
				WRAPPER_EXTENSION = xctest;
			};
			name = Debug;
		};
		6003F5C4195388D20070C39A /* Release */ = {
			isa = XCBuildConfiguration;
			baseConfigurationReference = 4CAB8C70C9A641B4CA95A7CB /* Pods-TWTool_Tests.release.xcconfig */;
			buildSettings = {
				BUNDLE_LOADER = "$(TEST_HOST)";
				FRAMEWORK_SEARCH_PATHS = (
					"$(PLATFORM_DIR)/Developer/Library/Frameworks",
					"$(inherited)",
					"$(DEVELOPER_FRAMEWORKS_DIR)",
				);
				GCC_PRECOMPILE_PREFIX_HEADER = YES;
				GCC_PREFIX_HEADER = "Tests/Tests-Prefix.pch";
				INFOPLIST_FILE = "Tests/Tests-Info.plist";
				PRODUCT_BUNDLE_IDENTIFIER = "org.cocoapods.demo.${PRODUCT_NAME:rfc1034identifier}";
				PRODUCT_NAME = "$(TARGET_NAME)";
				SWIFT_VERSION = 4.0;
				TEST_HOST = "$(BUILT_PRODUCTS_DIR)/TWTool_Example.app/TWTool_Example";
				WRAPPER_EXTENSION = xctest;
			};
			name = Release;
		};
/* End XCBuildConfiguration section */

/* Begin XCConfigurationList section */
		6003F585195388D10070C39A /* Build configuration list for PBXProject "TWTool" */ = {
			isa = XCConfigurationList;
			buildConfigurations = (
				6003F5BD195388D20070C39A /* Debug */,
				6003F5BE195388D20070C39A /* Release */,
			);
			defaultConfigurationIsVisible = 0;
			defaultConfigurationName = Release;
		};
		6003F5BF195388D20070C39A /* Build configuration list for PBXNativeTarget "TWTool_Example" */ = {
			isa = XCConfigurationList;
			buildConfigurations = (
				6003F5C0195388D20070C39A /* Debug */,
				6003F5C1195388D20070C39A /* Release */,
			);
			defaultConfigurationIsVisible = 0;
			defaultConfigurationName = Release;
		};
		6003F5C2195388D20070C39A /* Build configuration list for PBXNativeTarget "TWTool_Tests" */ = {
			isa = XCConfigurationList;
			buildConfigurations = (
				6003F5C3195388D20070C39A /* Debug */,
				6003F5C4195388D20070C39A /* Release */,
			);
			defaultConfigurationIsVisible = 0;
			defaultConfigurationName = Release;
		};
/* End XCConfigurationList section */
	};
	rootObject = 6003F582195388D10070C39A /* Project object */;
}
